PODS:
  - Nimble (7.0.0)
  - Quick (1.1.0)
  - Realm (2.6.2):
    - Realm/Headers (= 2.6.2)
  - Realm/Headers (2.6.2)
  - RealmSwift (2.6.2):
    - Realm (= 2.6.2)

DEPENDENCIES:
  - Nimble
  - Quick
  - RealmSwift

SPEC CHECKSUMS:
  Nimble: 874982b605d4d752fcac6be695d13c502de84b1b
  Quick: dafc587e21eed9f4cab3249b9f9015b0b7a7f71d
  Realm: 29222766425b9f831228f81b63f0e38a97a4d700
  RealmSwift: d161a80f96cb91ae88391a7d5a9cf08024a7bc8e

PODFILE CHECKSUM: 68000751d9ccd66228278f91b37b3c7ad15e1d11

COCOAPODS: 1.2.1
