// !$*UTF8*$!
{
	archiveVersion = 1;
	classes = {
	};
	objectVersion = 46;
	objects = {

/* Begin PBXBuildFile section */
		802768400C61A741A372161B /* Pods_MusiclyUITests.framework in Frameworks */ = {isa = PBXBuildFile; fileRef = DA2DD93AD7AA64BCFA83BEBD /* Pods_MusiclyUITests.framework */; };
		A70CF4DE1EA633F3000656AF /* Reusable.swift in Sources */ = {isa = PBXBuildFile; fileRef = A70CF4DD1EA633F3000656AF /* Reusable.swift */; };
		A71739D41EA1912600C28A41 /* NSError+Extension.swift in Sources */ = {isa = PBXBuildFile; fileRef = A71739D31EA1912600C28A41 /* NSError+Extension.swift */; };
		A71739D71EA1C1E500C28A41 /* AVPlayer+Extension.swift in Sources */ = {isa = PBXBuildFile; fileRef = A71739D61EA1C1E500C28A41 /* AVPlayer+Extension.swift */; };
		A71ADF241EADDFE50030932E /* TabBarController.swift in Sources */ = {isa = PBXBuildFile; fileRef = A71ADF231EADDFE50030932E /* TabBarController.swift */; };
		A71ADF2D1EADE0750030932E /* EqualizerAnimation.swift in Sources */ = {isa = PBXBuildFile; fileRef = A71ADF271EADE0750030932E /* EqualizerAnimation.swift */; };
		A71ADF2E1EADE0750030932E /* FileState.swift in Sources */ = {isa = PBXBuildFile; fileRef = A71ADF281EADE0750030932E /* FileState.swift */; };
		A71ADF2F1EADE0750030932E /* PlayerView.swift in Sources */ = {isa = PBXBuildFile; fileRef = A71ADF291EADE0750030932E /* PlayerView.swift */; };
		A71ADF301EADE0750030932E /* PlayerViewController.swift in Sources */ = {isa = PBXBuildFile; fileRef = A71ADF2A1EADE0750030932E /* PlayerViewController.swift */; };
		A71ADF311EADE0750030932E /* PlayerViewDelegate.swift in Sources */ = {isa = PBXBuildFile; fileRef = A71ADF2B1EADE0750030932E /* PlayerViewDelegate.swift */; };
		A71ADF321EADE0750030932E /* PlayerViewModel.swift in Sources */ = {isa = PBXBuildFile; fileRef = A71ADF2C1EADE0750030932E /* PlayerViewModel.swift */; };
		A71ADF371EADE0880030932E /* TrackCell.swift in Sources */ = {isa = PBXBuildFile; fileRef = A71ADF331EADE0880030932E /* TrackCell.swift */; };
		A71ADF381EADE0880030932E /* TrackCellViewModel.swift in Sources */ = {isa = PBXBuildFile; fileRef = A71ADF341EADE0880030932E /* TrackCellViewModel.swift */; };
		A71ADF391EADE0880030932E /* TracksViewController.swift in Sources */ = {isa = PBXBuildFile; fileRef = A71ADF351EADE0880030932E /* TracksViewController.swift */; };
		A71ADF3A1EADE0880030932E /* TracksViewModel.swift in Sources */ = {isa = PBXBuildFile; fileRef = A71ADF361EADE0880030932E /* TracksViewModel.swift */; };
		A71ADF3D1EADE09E0030932E /* SplashView.swift in Sources */ = {isa = PBXBuildFile; fileRef = A71ADF3B1EADE09E0030932E /* SplashView.swift */; };
		A71ADF3E1EADE09E0030932E /* SplashViewController.swift in Sources */ = {isa = PBXBuildFile; fileRef = A71ADF3C1EADE09E0030932E /* SplashViewController.swift */; };
		A71ADF411EADE0AF0030932E /* PlaylistCell.swift in Sources */ = {isa = PBXBuildFile; fileRef = A71ADF3F1EADE0AF0030932E /* PlaylistCell.swift */; };
		A71ADF421EADE0AF0030932E /* PlaylistViewController.swift in Sources */ = {isa = PBXBuildFile; fileRef = A71ADF401EADE0AF0030932E /* PlaylistViewController.swift */; };
		A71ADF471EADE0C00030932E /* BasePopoverAlert.swift in Sources */ = {isa = PBXBuildFile; fileRef = A71ADF431EADE0C00030932E /* BasePopoverAlert.swift */; };
		A71ADF481EADE0C00030932E /* BasePopView.swift in Sources */ = {isa = PBXBuildFile; fileRef = A71ADF441EADE0C00030932E /* BasePopView.swift */; };
		A71ADF491EADE0C00030932E /* DetailPopover.swift in Sources */ = {isa = PBXBuildFile; fileRef = A71ADF451EADE0C00030932E /* DetailPopover.swift */; };
		A71ADF4A1EADE0C00030932E /* DetailView.swift in Sources */ = {isa = PBXBuildFile; fileRef = A71ADF461EADE0C00030932E /* DetailView.swift */; };
		A73268CD1E9EFE8500B48CD9 /* CALayer+Extension.swift in Sources */ = {isa = PBXBuildFile; fileRef = A73268CC1E9EFE8500B48CD9 /* CALayer+Extension.swift */; };
		A7993E961EADB63E00472E7C /* RealmDatabase+Extension.swift in Sources */ = {isa = PBXBuildFile; fileRef = A7993E951EADB63E00472E7C /* RealmDatabase+Extension.swift */; };
		A7ADE8131EAD5962004F299E /* UICollectionViewFlowLayout+extension.swift in Sources */ = {isa = PBXBuildFile; fileRef = A7ADE8121EAD5962004F299E /* UICollectionViewFlowLayout+extension.swift */; };
		A7ADE8171EAD7CAC004F299E /* RealmThumb.swift in Sources */ = {isa = PBXBuildFile; fileRef = A7ADE8161EAD7CAC004F299E /* RealmThumb.swift */; };
		A7ADE8191EAD7CE8004F299E /* TrackList.swift in Sources */ = {isa = PBXBuildFile; fileRef = A7ADE8181EAD7CE8004F299E /* TrackList.swift */; };
		A7ADE81B1EAD7D1D004F299E /* CurrentListID.swift in Sources */ = {isa = PBXBuildFile; fileRef = A7ADE81A1EAD7D1D004F299E /* CurrentListID.swift */; };
		A7B073731EA974E900DCC576 /* PlaylistItem.swift in Sources */ = {isa = PBXBuildFile; fileRef = A7B073721EA974E800DCC576 /* PlaylistItem.swift */; };
		A7C9959F1E9EA6CF004826EE /* AppDelegate.swift in Sources */ = {isa = PBXBuildFile; fileRef = A7C9959E1E9EA6CF004826EE /* AppDelegate.swift */; };
		A7C995A61E9EA6CF004826EE /* Assets.xcassets in Resources */ = {isa = PBXBuildFile; fileRef = A7C995A51E9EA6CF004826EE /* Assets.xcassets */; };
		A7C995A91E9EA6CF004826EE /* LaunchScreen.storyboard in Resources */ = {isa = PBXBuildFile; fileRef = A7C995A71E9EA6CF004826EE /* LaunchScreen.storyboard */; };
		A7C995B41E9EA6D0004826EE /* MusiclyTests.swift in Sources */ = {isa = PBXBuildFile; fileRef = A7C995B31E9EA6D0004826EE /* MusiclyTests.swift */; };
		A7C995BF1E9EA6D0004826EE /* MusiclyUITests.swift in Sources */ = {isa = PBXBuildFile; fileRef = A7C995BE1E9EA6D0004826EE /* MusiclyUITests.swift */; };
		A7C995D51E9EA6DF004826EE /* DataParser.swift in Sources */ = {isa = PBXBuildFile; fileRef = A7C995CC1E9EA6DF004826EE /* DataParser.swift */; };
		A7C995D61E9EA6DF004826EE /* DataStorage.swift in Sources */ = {isa = PBXBuildFile; fileRef = A7C995CD1E9EA6DF004826EE /* DataStorage.swift */; };
		A7C995D71E9EA6DF004826EE /* iTrackDataStore.swift in Sources */ = {isa = PBXBuildFile; fileRef = A7C995CE1E9EA6DF004826EE /* iTrackDataStore.swift */; };
		A7C995EC1E9EA6F6004826EE /* StyleAttributes.swift in Sources */ = {isa = PBXBuildFile; fileRef = A7C995E11E9EA6F6004826EE /* StyleAttributes.swift */; };
		A7C995F11E9EA6F6004826EE /* UICollectionView+Extension.swift in Sources */ = {isa = PBXBuildFile; fileRef = A7C995E61E9EA6F6004826EE /* UICollectionView+Extension.swift */; };
		A7C995F21E9EA6F6004826EE /* UIImageView+Extension.swift in Sources */ = {isa = PBXBuildFile; fileRef = A7C995E71E9EA6F6004826EE /* UIImageView+Extension.swift */; };
		A7C995F31E9EA6F6004826EE /* UISearchBar+Extension.swift in Sources */ = {isa = PBXBuildFile; fileRef = A7C995E81E9EA6F6004826EE /* UISearchBar+Extension.swift */; };
		A7C995F51E9EA707004826EE /* APIClient.swift in Sources */ = {isa = PBXBuildFile; fileRef = A7C995F41E9EA707004826EE /* APIClient.swift */; };
		A7CA202C1EAC67BE00EF69A1 /* String+Extension.swift in Sources */ = {isa = PBXBuildFile; fileRef = A7CA202B1EAC67BE00EF69A1 /* String+Extension.swift */; };
		A7CBC3F01E9FC9E100C95A50 /* UILabel+Extension.swift in Sources */ = {isa = PBXBuildFile; fileRef = A7CBC3EF1E9FC9E100C95A50 /* UILabel+Extension.swift */; };
		A7CBC3FA1E9FD21100C95A50 /* UIViewController+Extension.swift in Sources */ = {isa = PBXBuildFile; fileRef = A7CBC3F91E9FD21100C95A50 /* UIViewController+Extension.swift */; };
		A7CBC4011E9FE61500C95A50 /* Download.swift in Sources */ = {isa = PBXBuildFile; fileRef = A7CBC3FE1E9FE61500C95A50 /* Download.swift */; };
		A7CBC4021E9FE61500C95A50 /* DownloadDelegate.swift in Sources */ = {isa = PBXBuildFile; fileRef = A7CBC3FF1E9FE61500C95A50 /* DownloadDelegate.swift */; };
		A7CBC4031E9FE61500C95A50 /* DownloadStatus.swift in Sources */ = {isa = PBXBuildFile; fileRef = A7CBC4001E9FE61500C95A50 /* DownloadStatus.swift */; };
		A7CBC4071E9FE62300C95A50 /* Track.swift in Sources */ = {isa = PBXBuildFile; fileRef = A7CBC4041E9FE62300C95A50 /* Track.swift */; };
		A7CBC4081E9FE62300C95A50 /* iTrackDelegate.swift in Sources */ = {isa = PBXBuildFile; fileRef = A7CBC4051E9FE62300C95A50 /* iTrackDelegate.swift */; };
		A7CBC4091E9FE62300C95A50 /* Thumbs.swift in Sources */ = {isa = PBXBuildFile; fileRef = A7CBC4061E9FE62300C95A50 /* Thumbs.swift */; };
		A7CBC40B1E9FE63000C95A50 /* Playlist.swift in Sources */ = {isa = PBXBuildFile; fileRef = A7CBC40A1E9FE63000C95A50 /* Playlist.swift */; };
		BB2634885F3F26D76E4058D8 /* Pods_MusiclyTests.framework in Frameworks */ = {isa = PBXBuildFile; fileRef = A1F3B9D661206A6F91E05C21 /* Pods_MusiclyTests.framework */; };
		E8255C1EF1DF0B54D05B149F /* Pods_Musicly.framework in Frameworks */ = {isa = PBXBuildFile; fileRef = 049711FAEBCF9F15C01DA033 /* Pods_Musicly.framework */; };
/* End PBXBuildFile section */

/* Begin PBXContainerItemProxy section */
		A7C995B01E9EA6D0004826EE /* PBXContainerItemProxy */ = {
			isa = PBXContainerItemProxy;
			containerPortal = A7C995931E9EA6CF004826EE /* Project object */;
			proxyType = 1;
			remoteGlobalIDString = A7C9959A1E9EA6CF004826EE;
			remoteInfo = Musicly;
		};
		A7C995BB1E9EA6D0004826EE /* PBXContainerItemProxy */ = {
			isa = PBXContainerItemProxy;
			containerPortal = A7C995931E9EA6CF004826EE /* Project object */;
			proxyType = 1;
			remoteGlobalIDString = A7C9959A1E9EA6CF004826EE;
			remoteInfo = Musicly;
		};
/* End PBXContainerItemProxy section */

/* Begin PBXFileReference section */
		049711FAEBCF9F15C01DA033 /* Pods_Musicly.framework */ = {isa = PBXFileReference; explicitFileType = wrapper.framework; includeInIndex = 0; path = Pods_Musicly.framework; sourceTree = BUILT_PRODUCTS_DIR; };
		8B3AD81D44C52BC0894B50B5 /* Pods-MusiclyTests.debug.xcconfig */ = {isa = PBXFileReference; includeInIndex = 1; lastKnownFileType = text.xcconfig; name = "Pods-MusiclyTests.debug.xcconfig"; path = "Pods/Target Support Files/Pods-MusiclyTests/Pods-MusiclyTests.debug.xcconfig"; sourceTree = "<group>"; };
		95F4BC9A08A15ADBB27D2546 /* Pods-MusiclyUITests.debug.xcconfig */ = {isa = PBXFileReference; includeInIndex = 1; lastKnownFileType = text.xcconfig; name = "Pods-MusiclyUITests.debug.xcconfig"; path = "Pods/Target Support Files/Pods-MusiclyUITests/Pods-MusiclyUITests.debug.xcconfig"; sourceTree = "<group>"; };
		A1F3B9D661206A6F91E05C21 /* Pods_MusiclyTests.framework */ = {isa = PBXFileReference; explicitFileType = wrapper.framework; includeInIndex = 0; path = Pods_MusiclyTests.framework; sourceTree = BUILT_PRODUCTS_DIR; };
		A5F52DE761385242BF409E94 /* Pods-MusiclyUITests.release.xcconfig */ = {isa = PBXFileReference; includeInIndex = 1; lastKnownFileType = text.xcconfig; name = "Pods-MusiclyUITests.release.xcconfig"; path = "Pods/Target Support Files/Pods-MusiclyUITests/Pods-MusiclyUITests.release.xcconfig"; sourceTree = "<group>"; };
		A70CF4DD1EA633F3000656AF /* Reusable.swift */ = {isa = PBXFileReference; fileEncoding = 4; lastKnownFileType = sourcecode.swift; path = Reusable.swift; sourceTree = "<group>"; };
		A71739D31EA1912600C28A41 /* NSError+Extension.swift */ = {isa = PBXFileReference; fileEncoding = 4; lastKnownFileType = sourcecode.swift; name = "NSError+Extension.swift"; path = "Musicly/ApplicationSevices/Data/NSError+Extension.swift"; sourceTree = SOURCE_ROOT; };
		A71739D61EA1C1E500C28A41 /* AVPlayer+Extension.swift */ = {isa = PBXFileReference; fileEncoding = 4; lastKnownFileType = sourcecode.swift; path = "AVPlayer+Extension.swift"; sourceTree = "<group>"; };
		A71ADF231EADDFE50030932E /* TabBarController.swift */ = {isa = PBXFileReference; fileEncoding = 4; lastKnownFileType = sourcecode.swift; name = TabBarController.swift; path = TabBarController/TabBarController.swift; sourceTree = "<group>"; };
		A71ADF271EADE0750030932E /* EqualizerAnimation.swift */ = {isa = PBXFileReference; fileEncoding = 4; lastKnownFileType = sourcecode.swift; name = EqualizerAnimation.swift; path = Screens/Tracks/Player/EqualizerAnimation.swift; sourceTree = "<group>"; };
		A71ADF281EADE0750030932E /* FileState.swift */ = {isa = PBXFileReference; fileEncoding = 4; lastKnownFileType = sourcecode.swift; name = FileState.swift; path = Screens/Tracks/Player/FileState.swift; sourceTree = "<group>"; };
		A71ADF291EADE0750030932E /* PlayerView.swift */ = {isa = PBXFileReference; fileEncoding = 4; lastKnownFileType = sourcecode.swift; name = PlayerView.swift; path = Screens/Tracks/Player/PlayerView.swift; sourceTree = "<group>"; };
		A71ADF2A1EADE0750030932E /* PlayerViewController.swift */ = {isa = PBXFileReference; fileEncoding = 4; lastKnownFileType = sourcecode.swift; name = PlayerViewController.swift; path = Screens/Tracks/Player/PlayerViewController.swift; sourceTree = "<group>"; };
		A71ADF2B1EADE0750030932E /* PlayerViewDelegate.swift */ = {isa = PBXFileReference; fileEncoding = 4; lastKnownFileType = sourcecode.swift; name = PlayerViewDelegate.swift; path = Screens/Tracks/Player/PlayerViewDelegate.swift; sourceTree = "<group>"; };
		A71ADF2C1EADE0750030932E /* PlayerViewModel.swift */ = {isa = PBXFileReference; fileEncoding = 4; lastKnownFileType = sourcecode.swift; name = PlayerViewModel.swift; path = Screens/Tracks/Player/PlayerViewModel.swift; sourceTree = "<group>"; };
		A71ADF331EADE0880030932E /* TrackCell.swift */ = {isa = PBXFileReference; fileEncoding = 4; lastKnownFileType = sourcecode.swift; name = TrackCell.swift; path = Musicly/UI/Screens/Tracks/Tracks/TrackCell.swift; sourceTree = SOURCE_ROOT; };
		A71ADF341EADE0880030932E /* TrackCellViewModel.swift */ = {isa = PBXFileReference; fileEncoding = 4; lastKnownFileType = sourcecode.swift; name = TrackCellViewModel.swift; path = Musicly/UI/Screens/Tracks/Tracks/TrackCellViewModel.swift; sourceTree = SOURCE_ROOT; };
		A71ADF351EADE0880030932E /* TracksViewController.swift */ = {isa = PBXFileReference; fileEncoding = 4; lastKnownFileType = sourcecode.swift; name = TracksViewController.swift; path = Musicly/UI/Screens/Tracks/Tracks/TracksViewController.swift; sourceTree = SOURCE_ROOT; };
		A71ADF361EADE0880030932E /* TracksViewModel.swift */ = {isa = PBXFileReference; fileEncoding = 4; lastKnownFileType = sourcecode.swift; name = TracksViewModel.swift; path = Musicly/UI/Screens/Tracks/Tracks/TracksViewModel.swift; sourceTree = SOURCE_ROOT; };
		A71ADF3B1EADE09E0030932E /* SplashView.swift */ = {isa = PBXFileReference; fileEncoding = 4; lastKnownFileType = sourcecode.swift; name = SplashView.swift; path = Screens/Splash/SplashView.swift; sourceTree = "<group>"; };
		A71ADF3C1EADE09E0030932E /* SplashViewController.swift */ = {isa = PBXFileReference; fileEncoding = 4; lastKnownFileType = sourcecode.swift; name = SplashViewController.swift; path = Screens/Splash/SplashViewController.swift; sourceTree = "<group>"; };
		A71ADF3F1EADE0AF0030932E /* PlaylistCell.swift */ = {isa = PBXFileReference; fileEncoding = 4; lastKnownFileType = sourcecode.swift; name = PlaylistCell.swift; path = Screens/Playlist/PlaylistCell.swift; sourceTree = "<group>"; };
		A71ADF401EADE0AF0030932E /* PlaylistViewController.swift */ = {isa = PBXFileReference; fileEncoding = 4; lastKnownFileType = sourcecode.swift; name = PlaylistViewController.swift; path = Screens/Playlist/PlaylistViewController.swift; sourceTree = "<group>"; };
		A71ADF431EADE0C00030932E /* BasePopoverAlert.swift */ = {isa = PBXFileReference; fileEncoding = 4; lastKnownFileType = sourcecode.swift; name = BasePopoverAlert.swift; path = Elements/Popover/BasePopoverAlert.swift; sourceTree = "<group>"; };
		A71ADF441EADE0C00030932E /* BasePopView.swift */ = {isa = PBXFileReference; fileEncoding = 4; lastKnownFileType = sourcecode.swift; name = BasePopView.swift; path = Elements/Popover/BasePopView.swift; sourceTree = "<group>"; };
		A71ADF451EADE0C00030932E /* DetailPopover.swift */ = {isa = PBXFileReference; fileEncoding = 4; lastKnownFileType = sourcecode.swift; name = DetailPopover.swift; path = Elements/Popover/DetailPopover.swift; sourceTree = "<group>"; };
		A71ADF461EADE0C00030932E /* DetailView.swift */ = {isa = PBXFileReference; fileEncoding = 4; lastKnownFileType = sourcecode.swift; name = DetailView.swift; path = Elements/Popover/DetailView.swift; sourceTree = "<group>"; };
		A73268CC1E9EFE8500B48CD9 /* CALayer+Extension.swift */ = {isa = PBXFileReference; fileEncoding = 4; lastKnownFileType = sourcecode.swift; name = "CALayer+Extension.swift"; path = "Musicly/UI/Extensions/CALayer+Extension.swift"; sourceTree = SOURCE_ROOT; };
		A7993E951EADB63E00472E7C /* RealmDatabase+Extension.swift */ = {isa = PBXFileReference; fileEncoding = 4; lastKnownFileType = sourcecode.swift; path = "RealmDatabase+Extension.swift"; sourceTree = "<group>"; };
		A7ADE8121EAD5962004F299E /* UICollectionViewFlowLayout+extension.swift */ = {isa = PBXFileReference; fileEncoding = 4; lastKnownFileType = sourcecode.swift; path = "UICollectionViewFlowLayout+extension.swift"; sourceTree = "<group>"; };
		A7ADE8161EAD7CAC004F299E /* RealmThumb.swift */ = {isa = PBXFileReference; fileEncoding = 4; lastKnownFileType = sourcecode.swift; name = RealmThumb.swift; path = iTrack/RealmThumb.swift; sourceTree = "<group>"; };
		A7ADE8181EAD7CE8004F299E /* TrackList.swift */ = {isa = PBXFileReference; fileEncoding = 4; lastKnownFileType = sourcecode.swift; name = TrackList.swift; path = iTrack/TrackList.swift; sourceTree = "<group>"; };
		A7ADE81A1EAD7D1D004F299E /* CurrentListID.swift */ = {isa = PBXFileReference; fileEncoding = 4; lastKnownFileType = sourcecode.swift; name = CurrentListID.swift; path = iTrack/CurrentListID.swift; sourceTree = "<group>"; };
		A7B073721EA974E800DCC576 /* PlaylistItem.swift */ = {isa = PBXFileReference; fileEncoding = 4; lastKnownFileType = sourcecode.swift; name = PlaylistItem.swift; path = Playlist/PlaylistItem.swift; sourceTree = "<group>"; };
		A7C9959B1E9EA6CF004826EE /* Musicly.app */ = {isa = PBXFileReference; explicitFileType = wrapper.application; includeInIndex = 0; path = Musicly.app; sourceTree = BUILT_PRODUCTS_DIR; };
		A7C9959E1E9EA6CF004826EE /* AppDelegate.swift */ = {isa = PBXFileReference; lastKnownFileType = sourcecode.swift; path = AppDelegate.swift; sourceTree = "<group>"; };
		A7C995A51E9EA6CF004826EE /* Assets.xcassets */ = {isa = PBXFileReference; lastKnownFileType = folder.assetcatalog; path = Assets.xcassets; sourceTree = "<group>"; };
		A7C995A81E9EA6CF004826EE /* Base */ = {isa = PBXFileReference; lastKnownFileType = file.storyboard; name = Base; path = Base.lproj/LaunchScreen.storyboard; sourceTree = "<group>"; };
		A7C995AA1E9EA6CF004826EE /* Info.plist */ = {isa = PBXFileReference; lastKnownFileType = text.plist.xml; path = Info.plist; sourceTree = "<group>"; };
		A7C995AF1E9EA6D0004826EE /* MusiclyTests.xctest */ = {isa = PBXFileReference; explicitFileType = wrapper.cfbundle; includeInIndex = 0; path = MusiclyTests.xctest; sourceTree = BUILT_PRODUCTS_DIR; };
		A7C995B31E9EA6D0004826EE /* MusiclyTests.swift */ = {isa = PBXFileReference; lastKnownFileType = sourcecode.swift; path = MusiclyTests.swift; sourceTree = "<group>"; };
		A7C995B51E9EA6D0004826EE /* Info.plist */ = {isa = PBXFileReference; lastKnownFileType = text.plist.xml; path = Info.plist; sourceTree = "<group>"; };
		A7C995BA1E9EA6D0004826EE /* MusiclyUITests.xctest */ = {isa = PBXFileReference; explicitFileType = wrapper.cfbundle; includeInIndex = 0; path = MusiclyUITests.xctest; sourceTree = BUILT_PRODUCTS_DIR; };
		A7C995BE1E9EA6D0004826EE /* MusiclyUITests.swift */ = {isa = PBXFileReference; lastKnownFileType = sourcecode.swift; path = MusiclyUITests.swift; sourceTree = "<group>"; };
		A7C995C01E9EA6D0004826EE /* Info.plist */ = {isa = PBXFileReference; lastKnownFileType = text.plist.xml; path = Info.plist; sourceTree = "<group>"; };
		A7C995CC1E9EA6DF004826EE /* DataParser.swift */ = {isa = PBXFileReference; fileEncoding = 4; lastKnownFileType = sourcecode.swift; path = DataParser.swift; sourceTree = "<group>"; };
		A7C995CD1E9EA6DF004826EE /* DataStorage.swift */ = {isa = PBXFileReference; fileEncoding = 4; lastKnownFileType = sourcecode.swift; path = DataStorage.swift; sourceTree = "<group>"; };
		A7C995CE1E9EA6DF004826EE /* iTrackDataStore.swift */ = {isa = PBXFileReference; fileEncoding = 4; lastKnownFileType = sourcecode.swift; path = iTrackDataStore.swift; sourceTree = "<group>"; };
		A7C995E11E9EA6F6004826EE /* StyleAttributes.swift */ = {isa = PBXFileReference; fileEncoding = 4; lastKnownFileType = sourcecode.swift; path = StyleAttributes.swift; sourceTree = "<group>"; };
		A7C995E61E9EA6F6004826EE /* UICollectionView+Extension.swift */ = {isa = PBXFileReference; fileEncoding = 4; lastKnownFileType = sourcecode.swift; path = "UICollectionView+Extension.swift"; sourceTree = "<group>"; };
		A7C995E71E9EA6F6004826EE /* UIImageView+Extension.swift */ = {isa = PBXFileReference; fileEncoding = 4; lastKnownFileType = sourcecode.swift; path = "UIImageView+Extension.swift"; sourceTree = "<group>"; };
		A7C995E81E9EA6F6004826EE /* UISearchBar+Extension.swift */ = {isa = PBXFileReference; fileEncoding = 4; lastKnownFileType = sourcecode.swift; path = "UISearchBar+Extension.swift"; sourceTree = "<group>"; };
		A7C995F41E9EA707004826EE /* APIClient.swift */ = {isa = PBXFileReference; fileEncoding = 4; lastKnownFileType = sourcecode.swift; path = APIClient.swift; sourceTree = "<group>"; };
		A7CA202B1EAC67BE00EF69A1 /* String+Extension.swift */ = {isa = PBXFileReference; fileEncoding = 4; lastKnownFileType = sourcecode.swift; path = "String+Extension.swift"; sourceTree = "<group>"; };
		A7CBC3EF1E9FC9E100C95A50 /* UILabel+Extension.swift */ = {isa = PBXFileReference; fileEncoding = 4; lastKnownFileType = sourcecode.swift; path = "UILabel+Extension.swift"; sourceTree = "<group>"; };
		A7CBC3F91E9FD21100C95A50 /* UIViewController+Extension.swift */ = {isa = PBXFileReference; fileEncoding = 4; lastKnownFileType = sourcecode.swift; path = "UIViewController+Extension.swift"; sourceTree = "<group>"; };
		A7CBC3FE1E9FE61500C95A50 /* Download.swift */ = {isa = PBXFileReference; fileEncoding = 4; lastKnownFileType = sourcecode.swift; name = Download.swift; path = Download/Download.swift; sourceTree = "<group>"; };
		A7CBC3FF1E9FE61500C95A50 /* DownloadDelegate.swift */ = {isa = PBXFileReference; fileEncoding = 4; lastKnownFileType = sourcecode.swift; name = DownloadDelegate.swift; path = Download/DownloadDelegate.swift; sourceTree = "<group>"; };
		A7CBC4001E9FE61500C95A50 /* DownloadStatus.swift */ = {isa = PBXFileReference; fileEncoding = 4; lastKnownFileType = sourcecode.swift; name = DownloadStatus.swift; path = Download/DownloadStatus.swift; sourceTree = "<group>"; };
		A7CBC4041E9FE62300C95A50 /* Track.swift */ = {isa = PBXFileReference; fileEncoding = 4; lastKnownFileType = sourcecode.swift; name = Track.swift; path = iTrack/Track.swift; sourceTree = "<group>"; };
		A7CBC4051E9FE62300C95A50 /* iTrackDelegate.swift */ = {isa = PBXFileReference; fileEncoding = 4; lastKnownFileType = sourcecode.swift; name = iTrackDelegate.swift; path = iTrack/iTrackDelegate.swift; sourceTree = "<group>"; };
		A7CBC4061E9FE62300C95A50 /* Thumbs.swift */ = {isa = PBXFileReference; fileEncoding = 4; lastKnownFileType = sourcecode.swift; name = Thumbs.swift; path = iTrack/Thumbs.swift; sourceTree = "<group>"; };
		A7CBC40A1E9FE63000C95A50 /* Playlist.swift */ = {isa = PBXFileReference; fileEncoding = 4; lastKnownFileType = sourcecode.swift; name = Playlist.swift; path = Playlist/Playlist.swift; sourceTree = "<group>"; };
		C0CC79972E792E6914215932 /* Pods-Musicly.debug.xcconfig */ = {isa = PBXFileReference; includeInIndex = 1; lastKnownFileType = text.xcconfig; name = "Pods-Musicly.debug.xcconfig"; path = "Pods/Target Support Files/Pods-Musicly/Pods-Musicly.debug.xcconfig"; sourceTree = "<group>"; };
		C38E2BC5607BB57CAC66B696 /* Pods-MusiclyTests.release.xcconfig */ = {isa = PBXFileReference; includeInIndex = 1; lastKnownFileType = text.xcconfig; name = "Pods-MusiclyTests.release.xcconfig"; path = "Pods/Target Support Files/Pods-MusiclyTests/Pods-MusiclyTests.release.xcconfig"; sourceTree = "<group>"; };
		DA2DD93AD7AA64BCFA83BEBD /* Pods_MusiclyUITests.framework */ = {isa = PBXFileReference; explicitFileType = wrapper.framework; includeInIndex = 0; path = Pods_MusiclyUITests.framework; sourceTree = BUILT_PRODUCTS_DIR; };
		E92547FA7DBC94FE93D63E98 /* Pods-Musicly.release.xcconfig */ = {isa = PBXFileReference; includeInIndex = 1; lastKnownFileType = text.xcconfig; name = "Pods-Musicly.release.xcconfig"; path = "Pods/Target Support Files/Pods-Musicly/Pods-Musicly.release.xcconfig"; sourceTree = "<group>"; };
/* End PBXFileReference section */

/* Begin PBXFrameworksBuildPhase section */
		A7C995981E9EA6CF004826EE /* Frameworks */ = {
			isa = PBXFrameworksBuildPhase;
			buildActionMask = 2147483647;
			files = (
				E8255C1EF1DF0B54D05B149F /* Pods_Musicly.framework in Frameworks */,
			);
			runOnlyForDeploymentPostprocessing = 0;
		};
		A7C995AC1E9EA6D0004826EE /* Frameworks */ = {
			isa = PBXFrameworksBuildPhase;
			buildActionMask = 2147483647;
			files = (
				BB2634885F3F26D76E4058D8 /* Pods_MusiclyTests.framework in Frameworks */,
			);
			runOnlyForDeploymentPostprocessing = 0;
		};
		A7C995B71E9EA6D0004826EE /* Frameworks */ = {
			isa = PBXFrameworksBuildPhase;
			buildActionMask = 2147483647;
			files = (
				802768400C61A741A372161B /* Pods_MusiclyUITests.framework in Frameworks */,
			);
			runOnlyForDeploymentPostprocessing = 0;
		};
/* End PBXFrameworksBuildPhase section */

/* Begin PBXGroup section */
		64A562E85D31FB962AF4BEC2 /* Pods */ = {
			isa = PBXGroup;
			children = (
				C0CC79972E792E6914215932 /* Pods-Musicly.debug.xcconfig */,
				E92547FA7DBC94FE93D63E98 /* Pods-Musicly.release.xcconfig */,
				8B3AD81D44C52BC0894B50B5 /* Pods-MusiclyTests.debug.xcconfig */,
				C38E2BC5607BB57CAC66B696 /* Pods-MusiclyTests.release.xcconfig */,
				95F4BC9A08A15ADBB27D2546 /* Pods-MusiclyUITests.debug.xcconfig */,
				A5F52DE761385242BF409E94 /* Pods-MusiclyUITests.release.xcconfig */,
			);
			name = Pods;
			sourceTree = "<group>";
		};
		74167B9D912CA57B146DA21B /* Frameworks */ = {
			isa = PBXGroup;
			children = (
				049711FAEBCF9F15C01DA033 /* Pods_Musicly.framework */,
				A1F3B9D661206A6F91E05C21 /* Pods_MusiclyTests.framework */,
				DA2DD93AD7AA64BCFA83BEBD /* Pods_MusiclyUITests.framework */,
			);
			name = Frameworks;
			sourceTree = "<group>";
		};
		A71739D51EA1915400C28A41 /* Extensions */ = {
			isa = PBXGroup;
			children = (
				A71739D31EA1912600C28A41 /* NSError+Extension.swift */,
			);
			name = Extensions;
			sourceTree = "<group>";
		};
		A71ADF251EADDFFC0030932E /* Popover */ = {
			isa = PBXGroup;
			children = (
				A71ADF431EADE0C00030932E /* BasePopoverAlert.swift */,
				A71ADF441EADE0C00030932E /* BasePopView.swift */,
				A71ADF451EADE0C00030932E /* DetailPopover.swift */,
				A71ADF461EADE0C00030932E /* DetailView.swift */,
			);
			name = Popover;
			sourceTree = "<group>";
		};
		A71ADF261EADE0020030932E /* TabBarController */ = {
			isa = PBXGroup;
			children = (
				A71ADF231EADDFE50030932E /* TabBarController.swift */,
			);
			name = TabBarController;
			sourceTree = "<group>";
		};
		A7322E081EA3EE400096E5DE /* Splash */ = {
			isa = PBXGroup;
			children = (
				A71ADF3B1EADE09E0030932E /* SplashView.swift */,
				A71ADF3C1EADE09E0030932E /* SplashViewController.swift */,
			);
			name = Splash;
			sourceTree = "<group>";
		};
		A73268C21E9EB5BD00B48CD9 /* Models */ = {
			isa = PBXGroup;
			children = (
				A7CBC3FB1E9FE56C00C95A50 /* Download */,
				A7CBC3FC1E9FE57700C95A50 /* iTrack */,
				A7CBC3FD1E9FE58200C95A50 /* Playlist */,
			);
			path = Models;
			sourceTree = "<group>";
		};
		A73268C31E9EB5D100B48CD9 /* Data */ = {
			isa = PBXGroup;
			children = (
				A73268C71E9EB65A00B48CD9 /* Local */,
				A73268C41E9EB5F400B48CD9 /* Networking */,
				A71739D51EA1915400C28A41 /* Extensions */,
			);
			path = Data;
			sourceTree = "<group>";
		};
		A73268C41E9EB5F400B48CD9 /* Networking */ = {
			isa = PBXGroup;
			children = (
				A7C995F41E9EA707004826EE /* APIClient.swift */,
			);
			path = Networking;
			sourceTree = "<group>";
		};
		A73268C51E9EB60B00B48CD9 /* Tracks */ = {
			isa = PBXGroup;
			children = (
				A71ADF331EADE0880030932E /* TrackCell.swift */,
				A71ADF341EADE0880030932E /* TrackCellViewModel.swift */,
				A71ADF351EADE0880030932E /* TracksViewController.swift */,
				A71ADF361EADE0880030932E /* TracksViewModel.swift */,
			);
			path = Tracks;
			sourceTree = "<group>";
		};
		A73268C61E9EB61500B48CD9 /* Extensions */ = {
			isa = PBXGroup;
			children = (
				A7C995E11E9EA6F6004826EE /* StyleAttributes.swift */,
				A7C995E61E9EA6F6004826EE /* UICollectionView+Extension.swift */,
				A7C995E71E9EA6F6004826EE /* UIImageView+Extension.swift */,
				A73268CC1E9EFE8500B48CD9 /* CALayer+Extension.swift */,
				A7C995E81E9EA6F6004826EE /* UISearchBar+Extension.swift */,
				A7CBC3EF1E9FC9E100C95A50 /* UILabel+Extension.swift */,
				A71739D61EA1C1E500C28A41 /* AVPlayer+Extension.swift */,
				A7CBC3F91E9FD21100C95A50 /* UIViewController+Extension.swift */,
				A70CF4DD1EA633F3000656AF /* Reusable.swift */,
				A7CA202B1EAC67BE00EF69A1 /* String+Extension.swift */,
				A7ADE8121EAD5962004F299E /* UICollectionViewFlowLayout+extension.swift */,
				A7993E951EADB63E00472E7C /* RealmDatabase+Extension.swift */,
			);
			path = Extensions;
			sourceTree = "<group>";
		};
		A73268C71E9EB65A00B48CD9 /* Local */ = {
			isa = PBXGroup;
			children = (
				A7C995CC1E9EA6DF004826EE /* DataParser.swift */,
				A7C995CD1E9EA6DF004826EE /* DataStorage.swift */,
				A7C995CE1E9EA6DF004826EE /* iTrackDataStore.swift */,
			);
			path = Local;
			sourceTree = "<group>";
		};
		A73268C81E9ECAC500B48CD9 /* Resources */ = {
			isa = PBXGroup;
			children = (
				A7C9959E1E9EA6CF004826EE /* AppDelegate.swift */,
				A7C995A51E9EA6CF004826EE /* Assets.xcassets */,
				A7C995AA1E9EA6CF004826EE /* Info.plist */,
				A7C995A71E9EA6CF004826EE /* LaunchScreen.storyboard */,
			);
			name = Resources;
			path = Musicly/Resources;
			sourceTree = "<group>";
		};
		A73268C91E9ECAFB00B48CD9 /* UI */ = {
			isa = PBXGroup;
			children = (
				A73268C61E9EB61500B48CD9 /* Extensions */,
				A7CBC3EE1E9FBAEB00C95A50 /* Player */,
				A73268C51E9EB60B00B48CD9 /* Tracks */,
				A7322E081EA3EE400096E5DE /* Splash */,
				A7BB42FE1EA85E6A00A205CA /* Playlist */,
				A71ADF261EADE0020030932E /* TabBarController */,
				A71ADF251EADDFFC0030932E /* Popover */,
			);
			path = UI;
			sourceTree = "<group>";
		};
		A73268CB1E9ECB5100B48CD9 /* ApplicationSevices */ = {
			isa = PBXGroup;
			children = (
				A73268C31E9EB5D100B48CD9 /* Data */,
			);
			path = ApplicationSevices;
			sourceTree = "<group>";
		};
		A7BB42FE1EA85E6A00A205CA /* Playlist */ = {
			isa = PBXGroup;
			children = (
				A71ADF3F1EADE0AF0030932E /* PlaylistCell.swift */,
				A71ADF401EADE0AF0030932E /* PlaylistViewController.swift */,
			);
			name = Playlist;
			sourceTree = "<group>";
		};
		A7C995921E9EA6CF004826EE = {
			isa = PBXGroup;
			children = (
				A7C9959D1E9EA6CF004826EE /* Musicly */,
				A73268C81E9ECAC500B48CD9 /* Resources */,
				A7C995B21E9EA6D0004826EE /* MusiclyTests */,
				A7C995BD1E9EA6D0004826EE /* MusiclyUITests */,
				A7C9959C1E9EA6CF004826EE /* Products */,
				64A562E85D31FB962AF4BEC2 /* Pods */,
				74167B9D912CA57B146DA21B /* Frameworks */,
			);
			sourceTree = "<group>";
		};
		A7C9959C1E9EA6CF004826EE /* Products */ = {
			isa = PBXGroup;
			children = (
				A7C9959B1E9EA6CF004826EE /* Musicly.app */,
				A7C995AF1E9EA6D0004826EE /* MusiclyTests.xctest */,
				A7C995BA1E9EA6D0004826EE /* MusiclyUITests.xctest */,
			);
			name = Products;
			sourceTree = "<group>";
		};
		A7C9959D1E9EA6CF004826EE /* Musicly */ = {
			isa = PBXGroup;
			children = (
				A73268CB1E9ECB5100B48CD9 /* ApplicationSevices */,
				A73268C21E9EB5BD00B48CD9 /* Models */,
				A73268C91E9ECAFB00B48CD9 /* UI */,
			);
			path = Musicly;
			sourceTree = "<group>";
		};
		A7C995B21E9EA6D0004826EE /* MusiclyTests */ = {
			isa = PBXGroup;
			children = (
				A7C995B51E9EA6D0004826EE /* Info.plist */,
				A7C995B31E9EA6D0004826EE /* MusiclyTests.swift */,
			);
			path = MusiclyTests;
			sourceTree = "<group>";
		};
		A7C995BD1E9EA6D0004826EE /* MusiclyUITests */ = {
			isa = PBXGroup;
			children = (
				A7C995C01E9EA6D0004826EE /* Info.plist */,
				A7C995BE1E9EA6D0004826EE /* MusiclyUITests.swift */,
			);
			path = MusiclyUITests;
			sourceTree = "<group>";
		};
		A7CBC3EE1E9FBAEB00C95A50 /* Player */ = {
			isa = PBXGroup;
			children = (
				A71ADF271EADE0750030932E /* EqualizerAnimation.swift */,
				A71ADF281EADE0750030932E /* FileState.swift */,
				A71ADF291EADE0750030932E /* PlayerView.swift */,
				A71ADF2A1EADE0750030932E /* PlayerViewController.swift */,
				A71ADF2B1EADE0750030932E /* PlayerViewDelegate.swift */,
				A71ADF2C1EADE0750030932E /* PlayerViewModel.swift */,
			);
			name = Player;
			sourceTree = "<group>";
		};
		A7CBC3FB1E9FE56C00C95A50 /* Download */ = {
			isa = PBXGroup;
			children = (
				A7CBC3FE1E9FE61500C95A50 /* Download.swift */,
				A7CBC3FF1E9FE61500C95A50 /* DownloadDelegate.swift */,
				A7CBC4001E9FE61500C95A50 /* DownloadStatus.swift */,
			);
			name = Download;
			sourceTree = "<group>";
		};
		A7CBC3FC1E9FE57700C95A50 /* iTrack */ = {
			isa = PBXGroup;
			children = (
				A7CBC4041E9FE62300C95A50 /* Track.swift */,
				A7ADE8181EAD7CE8004F299E /* TrackList.swift */,
				A7ADE8161EAD7CAC004F299E /* RealmThumb.swift */,
				A7CBC4051E9FE62300C95A50 /* iTrackDelegate.swift */,
				A7CBC4061E9FE62300C95A50 /* Thumbs.swift */,
				A7ADE81A1EAD7D1D004F299E /* CurrentListID.swift */,
			);
			name = iTrack;
			sourceTree = "<group>";
		};
		A7CBC3FD1E9FE58200C95A50 /* Playlist */ = {
			isa = PBXGroup;
			children = (
				A7CBC40A1E9FE63000C95A50 /* Playlist.swift */,
				A7B073721EA974E800DCC576 /* PlaylistItem.swift */,
			);
			name = Playlist;
			sourceTree = "<group>";
		};
/* End PBXGroup section */

/* Begin PBXNativeTarget section */
		A7C9959A1E9EA6CF004826EE /* Musicly */ = {
			isa = PBXNativeTarget;
			buildConfigurationList = A7C995C31E9EA6D0004826EE /* Build configuration list for PBXNativeTarget "Musicly" */;
			buildPhases = (
				3B44B6A873F8CDA6D473F4D6 /* [CP] Check Pods Manifest.lock */,
				A7C995971E9EA6CF004826EE /* Sources */,
				A7C995981E9EA6CF004826EE /* Frameworks */,
				A7C995991E9EA6CF004826EE /* Resources */,
				C71F46F45325AEA78DA3AEED /* [CP] Embed Pods Frameworks */,
				AD6A8A537669CC5AF8233088 /* [CP] Copy Pods Resources */,
			);
			buildRules = (
			);
			dependencies = (
			);
			name = Musicly;
			productName = Musicly;
			productReference = A7C9959B1E9EA6CF004826EE /* Musicly.app */;
			productType = "com.apple.product-type.application";
		};
		A7C995AE1E9EA6D0004826EE /* MusiclyTests */ = {
			isa = PBXNativeTarget;
			buildConfigurationList = A7C995C61E9EA6D0004826EE /* Build configuration list for PBXNativeTarget "MusiclyTests" */;
			buildPhases = (
				F93B7A014593D3BDDDDF285D /* [CP] Check Pods Manifest.lock */,
				A7C995AB1E9EA6D0004826EE /* Sources */,
				A7C995AC1E9EA6D0004826EE /* Frameworks */,
				A7C995AD1E9EA6D0004826EE /* Resources */,
				493B2AE2B5D35483F94EEBC7 /* [CP] Embed Pods Frameworks */,
				314F971A6E48366F6374CB9F /* [CP] Copy Pods Resources */,
			);
			buildRules = (
			);
			dependencies = (
				A7C995B11E9EA6D0004826EE /* PBXTargetDependency */,
			);
			name = MusiclyTests;
			productName = MusiclyTests;
			productReference = A7C995AF1E9EA6D0004826EE /* MusiclyTests.xctest */;
			productType = "com.apple.product-type.bundle.unit-test";
		};
		A7C995B91E9EA6D0004826EE /* MusiclyUITests */ = {
			isa = PBXNativeTarget;
			buildConfigurationList = A7C995C91E9EA6D0004826EE /* Build configuration list for PBXNativeTarget "MusiclyUITests" */;
			buildPhases = (
				32C7DF16F9E5E2F083AD9655 /* [CP] Check Pods Manifest.lock */,
				A7C995B61E9EA6D0004826EE /* Sources */,
				A7C995B71E9EA6D0004826EE /* Frameworks */,
				A7C995B81E9EA6D0004826EE /* Resources */,
				A56716F672EC28B9F3FD7986 /* [CP] Embed Pods Frameworks */,
				80C43828BB626DE12410F155 /* [CP] Copy Pods Resources */,
			);
			buildRules = (
			);
			dependencies = (
				A7C995BC1E9EA6D0004826EE /* PBXTargetDependency */,
			);
			name = MusiclyUITests;
			productName = MusiclyUITests;
			productReference = A7C995BA1E9EA6D0004826EE /* MusiclyUITests.xctest */;
			productType = "com.apple.product-type.bundle.ui-testing";
		};
/* End PBXNativeTarget section */

/* Begin PBXProject section */
		A7C995931E9EA6CF004826EE /* Project object */ = {
			isa = PBXProject;
			attributes = {
				LastSwiftUpdateCheck = 0830;
				LastUpgradeCheck = 0830;
				ORGANIZATIONNAME = "Christopher Webb-Orenstein";
				TargetAttributes = {
					A7C9959A1E9EA6CF004826EE = {
						CreatedOnToolsVersion = 8.3.1;
						DevelopmentTeam = 4SZP4Q326F;
						ProvisioningStyle = Automatic;
					};
					A7C995AE1E9EA6D0004826EE = {
						CreatedOnToolsVersion = 8.3.1;
						DevelopmentTeam = 4SZP4Q326F;
						ProvisioningStyle = Automatic;
						TestTargetID = A7C9959A1E9EA6CF004826EE;
					};
					A7C995B91E9EA6D0004826EE = {
						CreatedOnToolsVersion = 8.3.1;
						DevelopmentTeam = 4SZP4Q326F;
						ProvisioningStyle = Automatic;
						TestTargetID = A7C9959A1E9EA6CF004826EE;
					};
				};
			};
			buildConfigurationList = A7C995961E9EA6CF004826EE /* Build configuration list for PBXProject "Musicly" */;
			compatibilityVersion = "Xcode 3.2";
			developmentRegion = English;
			hasScannedForEncodings = 0;
			knownRegions = (
				en,
				Base,
			);
			mainGroup = A7C995921E9EA6CF004826EE;
			productRefGroup = A7C9959C1E9EA6CF004826EE /* Products */;
			projectDirPath = "";
			projectRoot = "";
			targets = (
				A7C9959A1E9EA6CF004826EE /* Musicly */,
				A7C995AE1E9EA6D0004826EE /* MusiclyTests */,
				A7C995B91E9EA6D0004826EE /* MusiclyUITests */,
			);
		};
/* End PBXProject section */

/* Begin PBXResourcesBuildPhase section */
		A7C995991E9EA6CF004826EE /* Resources */ = {
			isa = PBXResourcesBuildPhase;
			buildActionMask = 2147483647;
			files = (
				A7C995A91E9EA6CF004826EE /* LaunchScreen.storyboard in Resources */,
				A7C995A61E9EA6CF004826EE /* Assets.xcassets in Resources */,
			);
			runOnlyForDeploymentPostprocessing = 0;
		};
		A7C995AD1E9EA6D0004826EE /* Resources */ = {
			isa = PBXResourcesBuildPhase;
			buildActionMask = 2147483647;
			files = (
			);
			runOnlyForDeploymentPostprocessing = 0;
		};
		A7C995B81E9EA6D0004826EE /* Resources */ = {
			isa = PBXResourcesBuildPhase;
			buildActionMask = 2147483647;
			files = (
			);
			runOnlyForDeploymentPostprocessing = 0;
		};
/* End PBXResourcesBuildPhase section */

/* Begin PBXShellScriptBuildPhase section */
		314F971A6E48366F6374CB9F /* [CP] Copy Pods Resources */ = {
			isa = PBXShellScriptBuildPhase;
			buildActionMask = 2147483647;
			files = (
			);
			inputPaths = (
			);
			name = "[CP] Copy Pods Resources";
			outputPaths = (
			);
			runOnlyForDeploymentPostprocessing = 0;
			shellPath = /bin/sh;
			shellScript = "\"${SRCROOT}/Pods/Target Support Files/Pods-MusiclyTests/Pods-MusiclyTests-resources.sh\"\n";
			showEnvVarsInLog = 0;
		};
		32C7DF16F9E5E2F083AD9655 /* [CP] Check Pods Manifest.lock */ = {
			isa = PBXShellScriptBuildPhase;
			buildActionMask = 2147483647;
			files = (
			);
			inputPaths = (
			);
			name = "[CP] Check Pods Manifest.lock";
			outputPaths = (
			);
			runOnlyForDeploymentPostprocessing = 0;
			shellPath = /bin/sh;
			shellScript = "diff \"${PODS_PODFILE_DIR_PATH}/Podfile.lock\" \"${PODS_ROOT}/Manifest.lock\" > /dev/null\nif [ $? != 0 ] ; then\n    # print error to STDERR\n    echo \"error: The sandbox is not in sync with the Podfile.lock. Run 'pod install' or update your CocoaPods installation.\" >&2\n    exit 1\nfi\n";
			showEnvVarsInLog = 0;
		};
		3B44B6A873F8CDA6D473F4D6 /* [CP] Check Pods Manifest.lock */ = {
			isa = PBXShellScriptBuildPhase;
			buildActionMask = 2147483647;
			files = (
			);
			inputPaths = (
			);
			name = "[CP] Check Pods Manifest.lock";
			outputPaths = (
			);
			runOnlyForDeploymentPostprocessing = 0;
			shellPath = /bin/sh;
			shellScript = "diff \"${PODS_PODFILE_DIR_PATH}/Podfile.lock\" \"${PODS_ROOT}/Manifest.lock\" > /dev/null\nif [ $? != 0 ] ; then\n    # print error to STDERR\n    echo \"error: The sandbox is not in sync with the Podfile.lock. Run 'pod install' or update your CocoaPods installation.\" >&2\n    exit 1\nfi\n";
			showEnvVarsInLog = 0;
		};
		493B2AE2B5D35483F94EEBC7 /* [CP] Embed Pods Frameworks */ = {
			isa = PBXShellScriptBuildPhase;
			buildActionMask = 2147483647;
			files = (
			);
			inputPaths = (
			);
			name = "[CP] Embed Pods Frameworks";
			outputPaths = (
			);
			runOnlyForDeploymentPostprocessing = 0;
			shellPath = /bin/sh;
			shellScript = "\"${SRCROOT}/Pods/Target Support Files/Pods-MusiclyTests/Pods-MusiclyTests-frameworks.sh\"\n";
			showEnvVarsInLog = 0;
		};
		80C43828BB626DE12410F155 /* [CP] Copy Pods Resources */ = {
			isa = PBXShellScriptBuildPhase;
			buildActionMask = 2147483647;
			files = (
			);
			inputPaths = (
			);
			name = "[CP] Copy Pods Resources";
			outputPaths = (
			);
			runOnlyForDeploymentPostprocessing = 0;
			shellPath = /bin/sh;
			shellScript = "\"${SRCROOT}/Pods/Target Support Files/Pods-MusiclyUITests/Pods-MusiclyUITests-resources.sh\"\n";
			showEnvVarsInLog = 0;
		};
		A56716F672EC28B9F3FD7986 /* [CP] Embed Pods Frameworks */ = {
			isa = PBXShellScriptBuildPhase;
			buildActionMask = 2147483647;
			files = (
			);
			inputPaths = (
			);
			name = "[CP] Embed Pods Frameworks";
			outputPaths = (
			);
			runOnlyForDeploymentPostprocessing = 0;
			shellPath = /bin/sh;
			shellScript = "\"${SRCROOT}/Pods/Target Support Files/Pods-MusiclyUITests/Pods-MusiclyUITests-frameworks.sh\"\n";
			showEnvVarsInLog = 0;
		};
		AD6A8A537669CC5AF8233088 /* [CP] Copy Pods Resources */ = {
			isa = PBXShellScriptBuildPhase;
			buildActionMask = 2147483647;
			files = (
			);
			inputPaths = (
			);
			name = "[CP] Copy Pods Resources";
			outputPaths = (
			);
			runOnlyForDeploymentPostprocessing = 0;
			shellPath = /bin/sh;
			shellScript = "\"${SRCROOT}/Pods/Target Support Files/Pods-Musicly/Pods-Musicly-resources.sh\"\n";
			showEnvVarsInLog = 0;
		};
		C71F46F45325AEA78DA3AEED /* [CP] Embed Pods Frameworks */ = {
			isa = PBXShellScriptBuildPhase;
			buildActionMask = 2147483647;
			files = (
			);
			inputPaths = (
			);
			name = "[CP] Embed Pods Frameworks";
			outputPaths = (
			);
			runOnlyForDeploymentPostprocessing = 0;
			shellPath = /bin/sh;
			shellScript = "\"${SRCROOT}/Pods/Target Support Files/Pods-Musicly/Pods-Musicly-frameworks.sh\"\n";
			showEnvVarsInLog = 0;
		};
		F93B7A014593D3BDDDDF285D /* [CP] Check Pods Manifest.lock */ = {
			isa = PBXShellScriptBuildPhase;
			buildActionMask = 2147483647;
			files = (
			);
			inputPaths = (
			);
			name = "[CP] Check Pods Manifest.lock";
			outputPaths = (
			);
			runOnlyForDeploymentPostprocessing = 0;
			shellPath = /bin/sh;
			shellScript = "diff \"${PODS_PODFILE_DIR_PATH}/Podfile.lock\" \"${PODS_ROOT}/Manifest.lock\" > /dev/null\nif [ $? != 0 ] ; then\n    # print error to STDERR\n    echo \"error: The sandbox is not in sync with the Podfile.lock. Run 'pod install' or update your CocoaPods installation.\" >&2\n    exit 1\nfi\n";
			showEnvVarsInLog = 0;
		};
/* End PBXShellScriptBuildPhase section */

/* Begin PBXSourcesBuildPhase section */
		A7C995971E9EA6CF004826EE /* Sources */ = {
			isa = PBXSourcesBuildPhase;
			buildActionMask = 2147483647;
			files = (
				A70CF4DE1EA633F3000656AF /* Reusable.swift in Sources */,
				A7ADE8131EAD5962004F299E /* UICollectionViewFlowLayout+extension.swift in Sources */,
				A73268CD1E9EFE8500B48CD9 /* CALayer+Extension.swift in Sources */,
				A71ADF491EADE0C00030932E /* DetailPopover.swift in Sources */,
				A7CBC3FA1E9FD21100C95A50 /* UIViewController+Extension.swift in Sources */,
				A7ADE81B1EAD7D1D004F299E /* CurrentListID.swift in Sources */,
				A7C995EC1E9EA6F6004826EE /* StyleAttributes.swift in Sources */,
				A71ADF371EADE0880030932E /* TrackCell.swift in Sources */,
				A71ADF3A1EADE0880030932E /* TracksViewModel.swift in Sources */,
				A71ADF3E1EADE09E0030932E /* SplashViewController.swift in Sources */,
				A7CBC4071E9FE62300C95A50 /* Track.swift in Sources */,
				A71ADF321EADE0750030932E /* PlayerViewModel.swift in Sources */,
				A7CA202C1EAC67BE00EF69A1 /* String+Extension.swift in Sources */,
				A71ADF481EADE0C00030932E /* BasePopView.swift in Sources */,
				A7CBC4021E9FE61500C95A50 /* DownloadDelegate.swift in Sources */,
				A7CBC4091E9FE62300C95A50 /* Thumbs.swift in Sources */,
				A7B073731EA974E900DCC576 /* PlaylistItem.swift in Sources */,
				A7C9959F1E9EA6CF004826EE /* AppDelegate.swift in Sources */,
				A71ADF391EADE0880030932E /* TracksViewController.swift in Sources */,
				A7C995F21E9EA6F6004826EE /* UIImageView+Extension.swift in Sources */,
				A7CBC3F01E9FC9E100C95A50 /* UILabel+Extension.swift in Sources */,
				A7C995D51E9EA6DF004826EE /* DataParser.swift in Sources */,
				A71ADF2F1EADE0750030932E /* PlayerView.swift in Sources */,
				A7C995F31E9EA6F6004826EE /* UISearchBar+Extension.swift in Sources */,
				A71739D71EA1C1E500C28A41 /* AVPlayer+Extension.swift in Sources */,
				A7ADE8191EAD7CE8004F299E /* TrackList.swift in Sources */,
				A7C995D71E9EA6DF004826EE /* iTrackDataStore.swift in Sources */,
				A71ADF381EADE0880030932E /* TrackCellViewModel.swift in Sources */,
				A7C995D61E9EA6DF004826EE /* DataStorage.swift in Sources */,
				A71ADF301EADE0750030932E /* PlayerViewController.swift in Sources */,
				A71ADF4A1EADE0C00030932E /* DetailView.swift in Sources */,
				A71ADF2D1EADE0750030932E /* EqualizerAnimation.swift in Sources */,
				A71ADF471EADE0C00030932E /* BasePopoverAlert.swift in Sources */,
				A7CBC40B1E9FE63000C95A50 /* Playlist.swift in Sources */,
				A7CBC4031E9FE61500C95A50 /* DownloadStatus.swift in Sources */,
				A71ADF411EADE0AF0030932E /* PlaylistCell.swift in Sources */,
				A71ADF311EADE0750030932E /* PlayerViewDelegate.swift in Sources */,
				A7C995F11E9EA6F6004826EE /* UICollectionView+Extension.swift in Sources */,
				A71ADF241EADDFE50030932E /* TabBarController.swift in Sources */,
				A7993E961EADB63E00472E7C /* RealmDatabase+Extension.swift in Sources */,
				A7ADE8171EAD7CAC004F299E /* RealmThumb.swift in Sources */,
				A7CBC4011E9FE61500C95A50 /* Download.swift in Sources */,
				A7CBC4081E9FE62300C95A50 /* iTrackDelegate.swift in Sources */,
				A71739D41EA1912600C28A41 /* NSError+Extension.swift in Sources */,
				A71ADF421EADE0AF0030932E /* PlaylistViewController.swift in Sources */,
				A7C995F51E9EA707004826EE /* APIClient.swift in Sources */,
				A71ADF2E1EADE0750030932E /* FileState.swift in Sources */,
				A71ADF3D1EADE09E0030932E /* SplashView.swift in Sources */,
			);
			runOnlyForDeploymentPostprocessing = 0;
		};
		A7C995AB1E9EA6D0004826EE /* Sources */ = {
			isa = PBXSourcesBuildPhase;
			buildActionMask = 2147483647;
			files = (
				A7C995B41E9EA6D0004826EE /* MusiclyTests.swift in Sources */,
			);
			runOnlyForDeploymentPostprocessing = 0;
		};
		A7C995B61E9EA6D0004826EE /* Sources */ = {
			isa = PBXSourcesBuildPhase;
			buildActionMask = 2147483647;
			files = (
				A7C995BF1E9EA6D0004826EE /* MusiclyUITests.swift in Sources */,
			);
			runOnlyForDeploymentPostprocessing = 0;
		};
/* End PBXSourcesBuildPhase section */

/* Begin PBXTargetDependency section */
		A7C995B11E9EA6D0004826EE /* PBXTargetDependency */ = {
			isa = PBXTargetDependency;
			target = A7C9959A1E9EA6CF004826EE /* Musicly */;
			targetProxy = A7C995B01E9EA6D0004826EE /* PBXContainerItemProxy */;
		};
		A7C995BC1E9EA6D0004826EE /* PBXTargetDependency */ = {
			isa = PBXTargetDependency;
			target = A7C9959A1E9EA6CF004826EE /* Musicly */;
			targetProxy = A7C995BB1E9EA6D0004826EE /* PBXContainerItemProxy */;
		};
/* End PBXTargetDependency section */

/* Begin PBXVariantGroup section */
		A7C995A71E9EA6CF004826EE /* LaunchScreen.storyboard */ = {
			isa = PBXVariantGroup;
			children = (
				A7C995A81E9EA6CF004826EE /* Base */,
			);
			name = LaunchScreen.storyboard;
			path = .;
			sourceTree = "<group>";
		};
/* End PBXVariantGroup section */

/* Begin XCBuildConfiguration section */
		A7C995C11E9EA6D0004826EE /* Debug */ = {
			isa = XCBuildConfiguration;
			buildSettings = {
				ALWAYS_SEARCH_USER_PATHS = NO;
				CLANG_ANALYZER_NONNULL = YES;
				CLANG_ANALYZER_NUMBER_OBJECT_CONVERSION = YES_AGGRESSIVE;
				CLANG_CXX_LANGUAGE_STANDARD = "gnu++0x";
				CLANG_CXX_LIBRARY = "libc++";
				CLANG_ENABLE_MODULES = YES;
				CLANG_ENABLE_OBJC_ARC = YES;
				CLANG_WARN_BOOL_CONVERSION = YES;
				CLANG_WARN_CONSTANT_CONVERSION = YES;
				CLANG_WARN_DIRECT_OBJC_ISA_USAGE = YES_ERROR;
				CLANG_WARN_DOCUMENTATION_COMMENTS = YES;
				CLANG_WARN_EMPTY_BODY = YES;
				CLANG_WARN_ENUM_CONVERSION = YES;
				CLANG_WARN_INFINITE_RECURSION = YES;
				CLANG_WARN_INT_CONVERSION = YES;
				CLANG_WARN_OBJC_ROOT_CLASS = YES_ERROR;
				CLANG_WARN_SUSPICIOUS_MOVE = YES;
				CLANG_WARN_UNREACHABLE_CODE = YES;
				CLANG_WARN__DUPLICATE_METHOD_MATCH = YES;
				"CODE_SIGN_IDENTITY[sdk=iphoneos*]" = "iPhone Developer";
				COPY_PHASE_STRIP = NO;
				DEBUG_INFORMATION_FORMAT = dwarf;
				ENABLE_STRICT_OBJC_MSGSEND = YES;
				ENABLE_TESTABILITY = YES;
				GCC_C_LANGUAGE_STANDARD = gnu99;
				GCC_DYNAMIC_NO_PIC = NO;
				GCC_NO_COMMON_BLOCKS = YES;
				GCC_OPTIMIZATION_LEVEL = 0;
				GCC_PREPROCESSOR_DEFINITIONS = (
					"DEBUG=1",
					"$(inherited)",
				);
				GCC_WARN_64_TO_32_BIT_CONVERSION = YES;
				GCC_WARN_ABOUT_RETURN_TYPE = YES_ERROR;
				GCC_WARN_UNDECLARED_SELECTOR = YES;
				GCC_WARN_UNINITIALIZED_AUTOS = YES_AGGRESSIVE;
				GCC_WARN_UNUSED_FUNCTION = YES;
				GCC_WARN_UNUSED_VARIABLE = YES;
				IPHONEOS_DEPLOYMENT_TARGET = 10.3;
				MTL_ENABLE_DEBUG_INFO = YES;
				ONLY_ACTIVE_ARCH = YES;
				SDKROOT = iphoneos;
				SWIFT_ACTIVE_COMPILATION_CONDITIONS = DEBUG;
				SWIFT_OPTIMIZATION_LEVEL = "-Onone";
			};
			name = Debug;
		};
		A7C995C21E9EA6D0004826EE /* Release */ = {
			isa = XCBuildConfiguration;
			buildSettings = {
				ALWAYS_SEARCH_USER_PATHS = NO;
				CLANG_ANALYZER_NONNULL = YES;
				CLANG_ANALYZER_NUMBER_OBJECT_CONVERSION = YES_AGGRESSIVE;
				CLANG_CXX_LANGUAGE_STANDARD = "gnu++0x";
				CLANG_CXX_LIBRARY = "libc++";
				CLANG_ENABLE_MODULES = YES;
				CLANG_ENABLE_OBJC_ARC = YES;
				CLANG_WARN_BOOL_CONVERSION = YES;
				CLANG_WARN_CONSTANT_CONVERSION = YES;
				CLANG_WARN_DIRECT_OBJC_ISA_USAGE = YES_ERROR;
				CLANG_WARN_DOCUMENTATION_COMMENTS = YES;
				CLANG_WARN_EMPTY_BODY = YES;
				CLANG_WARN_ENUM_CONVERSION = YES;
				CLANG_WARN_INFINITE_RECURSION = YES;
				CLANG_WARN_INT_CONVERSION = YES;
				CLANG_WARN_OBJC_ROOT_CLASS = YES_ERROR;
				CLANG_WARN_SUSPICIOUS_MOVE = YES;
				CLANG_WARN_UNREACHABLE_CODE = YES;
				CLANG_WARN__DUPLICATE_METHOD_MATCH = YES;
				"CODE_SIGN_IDENTITY[sdk=iphoneos*]" = "iPhone Developer";
				COPY_PHASE_STRIP = NO;
				DEBUG_INFORMATION_FORMAT = "dwarf-with-dsym";
				ENABLE_NS_ASSERTIONS = NO;
				ENABLE_STRICT_OBJC_MSGSEND = YES;
				GCC_C_LANGUAGE_STANDARD = gnu99;
				GCC_NO_COMMON_BLOCKS = YES;
				GCC_WARN_64_TO_32_BIT_CONVERSION = YES;
				GCC_WARN_ABOUT_RETURN_TYPE = YES_ERROR;
				GCC_WARN_UNDECLARED_SELECTOR = YES;
				GCC_WARN_UNINITIALIZED_AUTOS = YES_AGGRESSIVE;
				GCC_WARN_UNUSED_FUNCTION = YES;
				GCC_WARN_UNUSED_VARIABLE = YES;
				IPHONEOS_DEPLOYMENT_TARGET = 10.3;
				MTL_ENABLE_DEBUG_INFO = NO;
				SDKROOT = iphoneos;
				SWIFT_OPTIMIZATION_LEVEL = "-Owholemodule";
				VALIDATE_PRODUCT = YES;
			};
			name = Release;
		};
		A7C995C41E9EA6D0004826EE /* Debug */ = {
			isa = XCBuildConfiguration;
			baseConfigurationReference = C0CC79972E792E6914215932 /* Pods-Musicly.debug.xcconfig */;
			buildSettings = {
				ASSETCATALOG_COMPILER_APPICON_NAME = AppIcon;
				DEVELOPMENT_TEAM = 4SZP4Q326F;
				INFOPLIST_FILE = Musicly/Resources/Info.plist;
				IPHONEOS_DEPLOYMENT_TARGET = 10;
				LD_RUNPATH_SEARCH_PATHS = "$(inherited) @executable_path/Frameworks";
				PRODUCT_BUNDLE_IDENTIFIER = com.froleeyo.Musicly;
				PRODUCT_NAME = "$(TARGET_NAME)";
				SWIFT_VERSION = 3.0;
			};
			name = Debug;
		};
		A7C995C51E9EA6D0004826EE /* Release */ = {
			isa = XCBuildConfiguration;
			baseConfigurationReference = E92547FA7DBC94FE93D63E98 /* Pods-Musicly.release.xcconfig */;
			buildSettings = {
				ASSETCATALOG_COMPILER_APPICON_NAME = AppIcon;
				DEVELOPMENT_TEAM = 4SZP4Q326F;
				INFOPLIST_FILE = Musicly/Resources/Info.plist;
				IPHONEOS_DEPLOYMENT_TARGET = 10;
				LD_RUNPATH_SEARCH_PATHS = "$(inherited) @executable_path/Frameworks";
				PRODUCT_BUNDLE_IDENTIFIER = com.froleeyo.Musicly;
				PRODUCT_NAME = "$(TARGET_NAME)";
				SWIFT_VERSION = 3.0;
			};
			name = Release;
		};
		A7C995C71E9EA6D0004826EE /* Debug */ = {
			isa = XCBuildConfiguration;
			baseConfigurationReference = 8B3AD81D44C52BC0894B50B5 /* Pods-MusiclyTests.debug.xcconfig */;
			buildSettings = {
				ALWAYS_EMBED_SWIFT_STANDARD_LIBRARIES = YES;
				BUNDLE_LOADER = "$(TEST_HOST)";
				DEVELOPMENT_TEAM = 4SZP4Q326F;
				INFOPLIST_FILE = MusiclyTests/Info.plist;
				LD_RUNPATH_SEARCH_PATHS = "$(inherited) @executable_path/Frameworks @loader_path/Frameworks";
				PRODUCT_BUNDLE_IDENTIFIER = com.froleeyo.MusiclyTests;
				PRODUCT_NAME = "$(TARGET_NAME)";
				SWIFT_VERSION = 3.0;
				TEST_HOST = "$(BUILT_PRODUCTS_DIR)/Musicly.app/Musicly";
			};
			name = Debug;
		};
		A7C995C81E9EA6D0004826EE /* Release */ = {
			isa = XCBuildConfiguration;
			baseConfigurationReference = C38E2BC5607BB57CAC66B696 /* Pods-MusiclyTests.release.xcconfig */;
			buildSettings = {
				ALWAYS_EMBED_SWIFT_STANDARD_LIBRARIES = YES;
				BUNDLE_LOADER = "$(TEST_HOST)";
				DEVELOPMENT_TEAM = 4SZP4Q326F;
				INFOPLIST_FILE = MusiclyTests/Info.plist;
				LD_RUNPATH_SEARCH_PATHS = "$(inherited) @executable_path/Frameworks @loader_path/Frameworks";
				PRODUCT_BUNDLE_IDENTIFIER = com.froleeyo.MusiclyTests;
				PRODUCT_NAME = "$(TARGET_NAME)";
				SWIFT_VERSION = 3.0;
				TEST_HOST = "$(BUILT_PRODUCTS_DIR)/Musicly.app/Musicly";
			};
			name = Release;
		};
		A7C995CA1E9EA6D0004826EE /* Debug */ = {
			isa = XCBuildConfiguration;
			baseConfigurationReference = 95F4BC9A08A15ADBB27D2546 /* Pods-MusiclyUITests.debug.xcconfig */;
			buildSettings = {
				ALWAYS_EMBED_SWIFT_STANDARD_LIBRARIES = YES;
				DEVELOPMENT_TEAM = 4SZP4Q326F;
				INFOPLIST_FILE = MusiclyUITests/Info.plist;
				LD_RUNPATH_SEARCH_PATHS = "$(inherited) @executable_path/Frameworks @loader_path/Frameworks";
				PRODUCT_BUNDLE_IDENTIFIER = com.froleeyo.MusiclyUITests;
				PRODUCT_NAME = "$(TARGET_NAME)";
				SWIFT_VERSION = 3.0;
				TEST_TARGET_NAME = Musicly;
			};
			name = Debug;
		};
		A7C995CB1E9EA6D0004826EE /* Release */ = {
			isa = XCBuildConfiguration;
			baseConfigurationReference = A5F52DE761385242BF409E94 /* Pods-MusiclyUITests.release.xcconfig */;
			buildSettings = {
				ALWAYS_EMBED_SWIFT_STANDARD_LIBRARIES = YES;
				DEVELOPMENT_TEAM = 4SZP4Q326F;
				INFOPLIST_FILE = MusiclyUITests/Info.plist;
				LD_RUNPATH_SEARCH_PATHS = "$(inherited) @executable_path/Frameworks @loader_path/Frameworks";
				PRODUCT_BUNDLE_IDENTIFIER = com.froleeyo.MusiclyUITests;
				PRODUCT_NAME = "$(TARGET_NAME)";
				SWIFT_VERSION = 3.0;
				TEST_TARGET_NAME = Musicly;
			};
			name = Release;
		};
/* End XCBuildConfiguration section */

/* Begin XCConfigurationList section */
		A7C995961E9EA6CF004826EE /* Build configuration list for PBXProject "Musicly" */ = {
			isa = XCConfigurationList;
			buildConfigurations = (
				A7C995C11E9EA6D0004826EE /* Debug */,
				A7C995C21E9EA6D0004826EE /* Release */,
			);
			defaultConfigurationIsVisible = 0;
			defaultConfigurationName = Release;
		};
		A7C995C31E9EA6D0004826EE /* Build configuration list for PBXNativeTarget "Musicly" */ = {
			isa = XCConfigurationList;
			buildConfigurations = (
				A7C995C41E9EA6D0004826EE /* Debug */,
				A7C995C51E9EA6D0004826EE /* Release */,
			);
			defaultConfigurationIsVisible = 0;
			defaultConfigurationName = Release;
		};
		A7C995C61E9EA6D0004826EE /* Build configuration list for PBXNativeTarget "MusiclyTests" */ = {
			isa = XCConfigurationList;
			buildConfigurations = (
				A7C995C71E9EA6D0004826EE /* Debug */,
				A7C995C81E9EA6D0004826EE /* Release */,
			);
			defaultConfigurationIsVisible = 0;
			defaultConfigurationName = Release;
		};
		A7C995C91E9EA6D0004826EE /* Build configuration list for PBXNativeTarget "MusiclyUITests" */ = {
			isa = XCConfigurationList;
			buildConfigurations = (
				A7C995CA1E9EA6D0004826EE /* Debug */,
				A7C995CB1E9EA6D0004826EE /* Release */,
			);
			defaultConfigurationIsVisible = 0;
			defaultConfigurationName = Release;
		};
/* End XCConfigurationList section */
	};
	rootObject = A7C995931E9EA6CF004826EE /* Project object */;
}
