// !$*UTF8*$!
{
	archiveVersion = 1;
	classes = {
	};
	objectVersion = 46;
	objects = {

/* Begin PBXBuildFile section */
		802768400C61A741A372161B /* Pods_MusiclyUITests.framework in Frameworks */ = {isa = PBXBuildFile; fileRef = DA2DD93AD7AA64BCFA83BEBD /* Pods_MusiclyUITests.framework */; };
		A7168BFE1EB94DE800B64F09 /* PlayerDelegate.swift in Sources */ = {isa = PBXBuildFile; fileRef = A7168BFD1EB94DE800B64F09 /* PlayerDelegate.swift */; };
		A71A09A31EB814A800CA35E4 /* URLConstructor.swift in Sources */ = {isa = PBXBuildFile; fileRef = A71A09A21EB814A800CA35E4 /* URLConstructor.swift */; };
		A71A09A51EB8150600CA35E4 /* URLRouter.swift in Sources */ = {isa = PBXBuildFile; fileRef = A71A09A41EB8150600CA35E4 /* URLRouter.swift */; };
		A71A09A71EB8162800CA35E4 /* LocalStorageManager.swift in Sources */ = {isa = PBXBuildFile; fileRef = A71A09A61EB8162800CA35E4 /* LocalStorageManager.swift */; };
		A71A09A91EB81FC200CA35E4 /* MenuActive.swift in Sources */ = {isa = PBXBuildFile; fileRef = A71A09A81EB81FC200CA35E4 /* MenuActive.swift */; };
		A71A09AD1EB8200C00CA35E4 /* EmptyView.swift in Sources */ = {isa = PBXBuildFile; fileRef = A71A09AB1EB8200C00CA35E4 /* EmptyView.swift */; };
		A71A09AE1EB8200C00CA35E4 /* LoadingView.swift in Sources */ = {isa = PBXBuildFile; fileRef = A71A09AC1EB8200C00CA35E4 /* LoadingView.swift */; };
		A71A14B81EB7879100EDCE6D /* BaseMenuPopover.swift in Sources */ = {isa = PBXBuildFile; fileRef = A71A14B51EB7879100EDCE6D /* BaseMenuPopover.swift */; };
		A71A14B91EB7879100EDCE6D /* BottomMenu.swift in Sources */ = {isa = PBXBuildFile; fileRef = A71A14B61EB7879100EDCE6D /* BottomMenu.swift */; };
		A71A14BA1EB7879100EDCE6D /* MenuOptionView.swift in Sources */ = {isa = PBXBuildFile; fileRef = A71A14B71EB7879100EDCE6D /* MenuOptionView.swift */; };
		A71A14BC1EB7885F00EDCE6D /* Download.swift in Sources */ = {isa = PBXBuildFile; fileRef = A71A14BB1EB7885F00EDCE6D /* Download.swift */; };
		A71A14C11EB78E4400EDCE6D /* NSError+Extension.swift in Sources */ = {isa = PBXBuildFile; fileRef = A71A14C01EB78E4400EDCE6D /* NSError+Extension.swift */; };
		A71A14C31EB79B4E00EDCE6D /* MusiclyAPISpec.swift in Sources */ = {isa = PBXBuildFile; fileRef = A71A14C21EB79B4E00EDCE6D /* MusiclyAPISpec.swift */; };
		A71ADF241EADDFE50030932E /* TabBarController.swift in Sources */ = {isa = PBXBuildFile; fileRef = A71ADF231EADDFE50030932E /* TabBarController.swift */; };
		A71ADF3D1EADE09E0030932E /* SplashView.swift in Sources */ = {isa = PBXBuildFile; fileRef = A71ADF3B1EADE09E0030932E /* SplashView.swift */; };
		A71ADF3E1EADE09E0030932E /* SplashViewController.swift in Sources */ = {isa = PBXBuildFile; fileRef = A71ADF3C1EADE09E0030932E /* SplashViewController.swift */; };
		A71C03E91EB1F74D00941ECB /* TrackCellViewModel.swift in Sources */ = {isa = PBXBuildFile; fileRef = A71C03E71EB1F74D00941ECB /* TrackCellViewModel.swift */; };
		A71C03ED1EB1F75B00941ECB /* TrackCell.swift in Sources */ = {isa = PBXBuildFile; fileRef = A71C03EB1EB1F75B00941ECB /* TrackCell.swift */; };
		A71C03EE1EB1F75B00941ECB /* TracksViewController.swift in Sources */ = {isa = PBXBuildFile; fileRef = A71C03EC1EB1F75B00941ECB /* TracksViewController.swift */; };
		A71C04041EB24ECA00941ECB /* RealmClient.swift in Sources */ = {isa = PBXBuildFile; fileRef = A71C04031EB24ECA00941ECB /* RealmClient.swift */; };
		A71EF3271EBABE9200713669 /* AnimationDelegate.swift in Sources */ = {isa = PBXBuildFile; fileRef = A71EF3261EBABE9200713669 /* AnimationDelegate.swift */; };
		A71F027A1EB9820B0012490D /* UIColor+Extension.swift in Sources */ = {isa = PBXBuildFile; fileRef = A71F02791EB9820B0012490D /* UIColor+Extension.swift */; };
		A71F02921EB986A40012490D /* BasePopoverAlert.swift in Sources */ = {isa = PBXBuildFile; fileRef = A71F02901EB986A40012490D /* BasePopoverAlert.swift */; };
		A71F02931EB986A40012490D /* BasePopView.swift in Sources */ = {isa = PBXBuildFile; fileRef = A71F02911EB986A40012490D /* BasePopView.swift */; };
		A71F02A51EB986BB0012490D /* ApplicationConstants.swift in Sources */ = {isa = PBXBuildFile; fileRef = A71F02941EB986BB0012490D /* ApplicationConstants.swift */; };
		A71F02A61EB986BB0012490D /* BaseAlertPopoverConstant.swift in Sources */ = {isa = PBXBuildFile; fileRef = A71F02951EB986BB0012490D /* BaseAlertPopoverConstant.swift */; };
		A71F02A71EB986BB0012490D /* BaseMenuPopoverAlert.swift in Sources */ = {isa = PBXBuildFile; fileRef = A71F02961EB986BB0012490D /* BaseMenuPopoverAlert.swift */; };
		A71F02A81EB986BB0012490D /* ButtonConstants.swift in Sources */ = {isa = PBXBuildFile; fileRef = A71F02971EB986BB0012490D /* ButtonConstants.swift */; };
		A71F02A91EB986BB0012490D /* CALayerConstants.swift in Sources */ = {isa = PBXBuildFile; fileRef = A71F02981EB986BB0012490D /* CALayerConstants.swift */; };
		A71F02AA1EB986BB0012490D /* CollectionViewConstants.swift in Sources */ = {isa = PBXBuildFile; fileRef = A71F02991EB986BB0012490D /* CollectionViewConstants.swift */; };
		A71F02AB1EB986BB0012490D /* DetailPopoverConstants.swift in Sources */ = {isa = PBXBuildFile; fileRef = A71F029A1EB986BB0012490D /* DetailPopoverConstants.swift */; };
		A71F02AC1EB986BB0012490D /* DetailViewConstants.swift in Sources */ = {isa = PBXBuildFile; fileRef = A71F029B1EB986BB0012490D /* DetailViewConstants.swift */; };
		A71F02AD1EB986BB0012490D /* EdgeAttributeConstants.swift in Sources */ = {isa = PBXBuildFile; fileRef = A71F029C1EB986BB0012490D /* EdgeAttributeConstants.swift */; };
		A71F02AE1EB986BB0012490D /* EqualizerConstants.swift in Sources */ = {isa = PBXBuildFile; fileRef = A71F029D1EB986BB0012490D /* EqualizerConstants.swift */; };
		A71F02AF1EB986BB0012490D /* LogoConstants.swift in Sources */ = {isa = PBXBuildFile; fileRef = A71F029E1EB986BB0012490D /* LogoConstants.swift */; };
		A71F02B01EB986BB0012490D /* PlayerViewConstants.swift in Sources */ = {isa = PBXBuildFile; fileRef = A71F029F1EB986BB0012490D /* PlayerViewConstants.swift */; };
		A71F02B11EB986BB0012490D /* PlaylistConstants.swift in Sources */ = {isa = PBXBuildFile; fileRef = A71F02A01EB986BB0012490D /* PlaylistConstants.swift */; };
		A71F02B21EB986BB0012490D /* PlaylistViewControllerConstants.swift in Sources */ = {isa = PBXBuildFile; fileRef = A71F02A11EB986BB0012490D /* PlaylistViewControllerConstants.swift */; };
		A71F02B31EB986BB0012490D /* SplashConstants.swift in Sources */ = {isa = PBXBuildFile; fileRef = A71F02A21EB986BB0012490D /* SplashConstants.swift */; };
		A71F02B41EB986BB0012490D /* TabBarConstants.swift in Sources */ = {isa = PBXBuildFile; fileRef = A71F02A31EB986BB0012490D /* TabBarConstants.swift */; };
		A71F02B51EB986BB0012490D /* TrackCellConstants.swift in Sources */ = {isa = PBXBuildFile; fileRef = A71F02A41EB986BB0012490D /* TrackCellConstants.swift */; };
		A72AE3501EBA4D5D0022C6B3 /* DownloadDelegate.swift in Sources */ = {isa = PBXBuildFile; fileRef = A72AE34F1EBA4D5D0022C6B3 /* DownloadDelegate.swift */; };
		A72AE3521EBA4D710022C6B3 /* DownloadStatus.swift in Sources */ = {isa = PBXBuildFile; fileRef = A72AE3511EBA4D710022C6B3 /* DownloadStatus.swift */; };
		A72AE3541EBA4DA20022C6B3 /* Notification+Extension.swift in Sources */ = {isa = PBXBuildFile; fileRef = A72AE3531EBA4DA20022C6B3 /* Notification+Extension.swift */; };
		A72AE3561EBA4F010022C6B3 /* Thumbs.swift in Sources */ = {isa = PBXBuildFile; fileRef = A72AE3551EBA4F010022C6B3 /* Thumbs.swift */; };
		A72AE3581EBA51130022C6B3 /* LoadingPopover.swift in Sources */ = {isa = PBXBuildFile; fileRef = A72AE3571EBA51130022C6B3 /* LoadingPopover.swift */; };
		A72AE35C1EBA55840022C6B3 /* BallAnimation.swift in Sources */ = {isa = PBXBuildFile; fileRef = A72AE35A1EBA55840022C6B3 /* BallAnimation.swift */; };
		A72AE35D1EBA55840022C6B3 /* BallAnimationView.swift in Sources */ = {isa = PBXBuildFile; fileRef = A72AE35B1EBA55840022C6B3 /* BallAnimationView.swift */; };
		A72AE3601EBA55980022C6B3 /* AudioEqualizer.swift in Sources */ = {isa = PBXBuildFile; fileRef = A72AE35E1EBA55980022C6B3 /* AudioEqualizer.swift */; };
		A72AE3611EBA55980022C6B3 /* IndicatorView.swift in Sources */ = {isa = PBXBuildFile; fileRef = A72AE35F1EBA55980022C6B3 /* IndicatorView.swift */; };
		A72AE3651EBA5A8D0022C6B3 /* AppDelegate.swift in Sources */ = {isa = PBXBuildFile; fileRef = A72AE3641EBA5A8D0022C6B3 /* AppDelegate.swift */; };
		A72E9C601EBE6423002C0774 /* UISearchBar+Extension.swift in Sources */ = {isa = PBXBuildFile; fileRef = A72E9C5F1EBE6423002C0774 /* UISearchBar+Extension.swift */; };
		A72E9C621EBE6A13002C0774 /* ViewState.swift in Sources */ = {isa = PBXBuildFile; fileRef = A72E9C611EBE6A13002C0774 /* ViewState.swift */; };
		A73268CD1E9EFE8500B48CD9 /* CALayer+Extension.swift in Sources */ = {isa = PBXBuildFile; fileRef = A73268CC1E9EFE8500B48CD9 /* CALayer+Extension.swift */; };
		A73F629A1EC9A64300930741 /* ListControllerDataSource.swift in Sources */ = {isa = PBXBuildFile; fileRef = A73F62991EC9A64300930741 /* ListControllerDataSource.swift */; };
		A73F629E1EC9A65900930741 /* EmptyViewProtocol.swift in Sources */ = {isa = PBXBuildFile; fileRef = A73F629B1EC9A65900930741 /* EmptyViewProtocol.swift */; };
		A73F629F1EC9A65900930741 /* OpenPlayerProtocol.swift in Sources */ = {isa = PBXBuildFile; fileRef = A73F629C1EC9A65900930741 /* OpenPlayerProtocol.swift */; };
		A73F62A01EC9A65900930741 /* TrackCellCreator.swift in Sources */ = {isa = PBXBuildFile; fileRef = A73F629D1EC9A65900930741 /* TrackCellCreator.swift */; };
		A73F62A21EC9A68D00930741 /* TrackCellCollectionProtocol.swift in Sources */ = {isa = PBXBuildFile; fileRef = A73F62A11EC9A68D00930741 /* TrackCellCollectionProtocol.swift */; };
		A75F3BFE1EBE573A0008F01D /* DownloadViewController.swift in Sources */ = {isa = PBXBuildFile; fileRef = A75F3BFD1EBE573A0008F01D /* DownloadViewController.swift */; };
		A764B57D1EB988A400DB077C /* BottomMenuPopover.swift in Sources */ = {isa = PBXBuildFile; fileRef = A764B57C1EB988A400DB077C /* BottomMenuPopover.swift */; };
		A777028B1EBC05D90002E644 /* TrackContentState.swift in Sources */ = {isa = PBXBuildFile; fileRef = A777028A1EBC05D90002E644 /* TrackContentState.swift */; };
		A777028D1EBC1F800002E644 /* MenuDelegate.swift in Sources */ = {isa = PBXBuildFile; fileRef = A777028C1EBC1F800002E644 /* MenuDelegate.swift */; };
		A777028F1EBC20300002E644 /* PlaylistCreatorDelegate.swift in Sources */ = {isa = PBXBuildFile; fileRef = A777028E1EBC20300002E644 /* PlaylistCreatorDelegate.swift */; };
		A77702971EBC29750002E644 /* PlayerView.swift in Sources */ = {isa = PBXBuildFile; fileRef = A77702951EBC29750002E644 /* PlayerView.swift */; };
		A77702981EBC29750002E644 /* PlayerViewController.swift in Sources */ = {isa = PBXBuildFile; fileRef = A77702961EBC29750002E644 /* PlayerViewController.swift */; };
		A777029A1EBC29830002E644 /* PlayerViewDelegate.swift in Sources */ = {isa = PBXBuildFile; fileRef = A77702991EBC29830002E644 /* PlayerViewDelegate.swift */; };
		A777029D1EBC29920002E644 /* FileState.swift in Sources */ = {isa = PBXBuildFile; fileRef = A777029B1EBC29920002E644 /* FileState.swift */; };
		A777029E1EBC29920002E644 /* PlayerViewModel.swift in Sources */ = {isa = PBXBuildFile; fileRef = A777029C1EBC29920002E644 /* PlayerViewModel.swift */; };
		A77702A41EBC2A620002E644 /* PlaylistCell.swift in Sources */ = {isa = PBXBuildFile; fileRef = A77702A11EBC2A620002E644 /* PlaylistCell.swift */; };
		A77702A61EBC2A620002E644 /* PlaylistsViewController.swift in Sources */ = {isa = PBXBuildFile; fileRef = A77702A31EBC2A620002E644 /* PlaylistsViewController.swift */; };
		A77702A81EBC2A890002E644 /* PlaylistItemLayout.swift in Sources */ = {isa = PBXBuildFile; fileRef = A77702A71EBC2A890002E644 /* PlaylistItemLayout.swift */; };
		A77702AA1EBC2A980002E644 /* PlaylistTracksViewController.swift in Sources */ = {isa = PBXBuildFile; fileRef = A77702A91EBC2A980002E644 /* PlaylistTracksViewController.swift */; };
		A7ADE8171EAD7CAC004F299E /* RealmThumb.swift in Sources */ = {isa = PBXBuildFile; fileRef = A7ADE8161EAD7CAC004F299E /* RealmThumb.swift */; };
		A7ADE8191EAD7CE8004F299E /* TrackList.swift in Sources */ = {isa = PBXBuildFile; fileRef = A7ADE8181EAD7CE8004F299E /* TrackList.swift */; };
		A7B073731EA974E900DCC576 /* PlaylistItem.swift in Sources */ = {isa = PBXBuildFile; fileRef = A7B073721EA974E800DCC576 /* PlaylistItem.swift */; };
		A7B349E11EB13D4000B4F9FE /* Player.swift in Sources */ = {isa = PBXBuildFile; fileRef = A7B349E01EB13D4000B4F9FE /* Player.swift */; };
		A7B35F591EB3AEC2008A12C8 /* TrackItemsLayout.swift in Sources */ = {isa = PBXBuildFile; fileRef = A7B35F581EB3AEC2008A12C8 /* TrackItemsLayout.swift */; };
		A7C995A61E9EA6CF004826EE /* Assets.xcassets in Resources */ = {isa = PBXBuildFile; fileRef = A7C995A51E9EA6CF004826EE /* Assets.xcassets */; };
		A7C995A91E9EA6CF004826EE /* LaunchScreen.storyboard in Resources */ = {isa = PBXBuildFile; fileRef = A7C995A71E9EA6CF004826EE /* LaunchScreen.storyboard */; };
		A7C995B41E9EA6D0004826EE /* MusiclyTests.swift in Sources */ = {isa = PBXBuildFile; fileRef = A7C995B31E9EA6D0004826EE /* MusiclyTests.swift */; };
		A7C995BF1E9EA6D0004826EE /* MusiclyUITests.swift in Sources */ = {isa = PBXBuildFile; fileRef = A7C995BE1E9EA6D0004826EE /* MusiclyUITests.swift */; };
		A7C995D71E9EA6DF004826EE /* TrackDataStore.swift in Sources */ = {isa = PBXBuildFile; fileRef = A7C995CE1E9EA6DF004826EE /* TrackDataStore.swift */; };
		A7C995EC1E9EA6F6004826EE /* StyleAttributes.swift in Sources */ = {isa = PBXBuildFile; fileRef = A7C995E11E9EA6F6004826EE /* StyleAttributes.swift */; };
		A7C995F21E9EA6F6004826EE /* UIImageView+Extension.swift in Sources */ = {isa = PBXBuildFile; fileRef = A7C995E71E9EA6F6004826EE /* UIImageView+Extension.swift */; };
		A7C995F51E9EA707004826EE /* APIClient.swift in Sources */ = {isa = PBXBuildFile; fileRef = A7C995F41E9EA707004826EE /* APIClient.swift */; };
		A7CA202C1EAC67BE00EF69A1 /* String+Extension.swift in Sources */ = {isa = PBXBuildFile; fileRef = A7CA202B1EAC67BE00EF69A1 /* String+Extension.swift */; };
		A7CBC3F01E9FC9E100C95A50 /* UILabel+Extension.swift in Sources */ = {isa = PBXBuildFile; fileRef = A7CBC3EF1E9FC9E100C95A50 /* UILabel+Extension.swift */; };
		A7CBC3FA1E9FD21100C95A50 /* UIViewController+Extension.swift in Sources */ = {isa = PBXBuildFile; fileRef = A7CBC3F91E9FD21100C95A50 /* UIViewController+Extension.swift */; };
		A7CBC4071E9FE62300C95A50 /* Track.swift in Sources */ = {isa = PBXBuildFile; fileRef = A7CBC4041E9FE62300C95A50 /* Track.swift */; };
		A7CBC40B1E9FE63000C95A50 /* Playlist.swift in Sources */ = {isa = PBXBuildFile; fileRef = A7CBC40A1E9FE63000C95A50 /* Playlist.swift */; };
		A7E94CA91EBCF6E500E75461 /* PlaylistsViewControllerDataSource.swift in Sources */ = {isa = PBXBuildFile; fileRef = A7E94CA81EBCF6E500E75461 /* PlaylistsViewControllerDataSource.swift */; };
		A7ECBCD21EB46A070098CE0E /* DetailPopover.swift in Sources */ = {isa = PBXBuildFile; fileRef = A7ECBCD01EB46A070098CE0E /* DetailPopover.swift */; };
		A7ECBCD31EB46A070098CE0E /* DetailView.swift in Sources */ = {isa = PBXBuildFile; fileRef = A7ECBCD11EB46A070098CE0E /* DetailView.swift */; };
		A7F6C67B1EBE2B520028FD19 /* UICollectionViewCell+Extension.swift in Sources */ = {isa = PBXBuildFile; fileRef = A7F6C67A1EBE2B520028FD19 /* UICollectionViewCell+Extension.swift */; };
		A7F6C67E1EBE43390028FD19 /* Textfield+Extension.swift in Sources */ = {isa = PBXBuildFile; fileRef = A7F6C67D1EBE43390028FD19 /* Textfield+Extension.swift */; };
		A7F8353D1EBCE9F0008CA4E3 /* PlaylistTracksViewControllerModel.swift in Sources */ = {isa = PBXBuildFile; fileRef = A7F8353C1EBCE9F0008CA4E3 /* PlaylistTracksViewControllerModel.swift */; };
		BB2634885F3F26D76E4058D8 /* Pods_MusiclyTests.framework in Frameworks */ = {isa = PBXBuildFile; fileRef = A1F3B9D661206A6F91E05C21 /* Pods_MusiclyTests.framework */; };
		E8255C1EF1DF0B54D05B149F /* Pods_Musicly.framework in Frameworks */ = {isa = PBXBuildFile; fileRef = 049711FAEBCF9F15C01DA033 /* Pods_Musicly.framework */; };
/* End PBXBuildFile section */

/* Begin PBXContainerItemProxy section */
		A7C995B01E9EA6D0004826EE /* PBXContainerItemProxy */ = {
			isa = PBXContainerItemProxy;
			containerPortal = A7C995931E9EA6CF004826EE /* Project object */;
			proxyType = 1;
			remoteGlobalIDString = A7C9959A1E9EA6CF004826EE;
			remoteInfo = Musicly;
		};
		A7C995BB1E9EA6D0004826EE /* PBXContainerItemProxy */ = {
			isa = PBXContainerItemProxy;
			containerPortal = A7C995931E9EA6CF004826EE /* Project object */;
			proxyType = 1;
			remoteGlobalIDString = A7C9959A1E9EA6CF004826EE;
			remoteInfo = Musicly;
		};
/* End PBXContainerItemProxy section */

/* Begin PBXFileReference section */
		049711FAEBCF9F15C01DA033 /* Pods_Musicly.framework */ = {isa = PBXFileReference; explicitFileType = wrapper.framework; includeInIndex = 0; path = Pods_Musicly.framework; sourceTree = BUILT_PRODUCTS_DIR; };
		8B3AD81D44C52BC0894B50B5 /* Pods-MusiclyTests.debug.xcconfig */ = {isa = PBXFileReference; includeInIndex = 1; lastKnownFileType = text.xcconfig; name = "Pods-MusiclyTests.debug.xcconfig"; path = "Pods/Target Support Files/Pods-MusiclyTests/Pods-MusiclyTests.debug.xcconfig"; sourceTree = "<group>"; };
		95F4BC9A08A15ADBB27D2546 /* Pods-MusiclyUITests.debug.xcconfig */ = {isa = PBXFileReference; includeInIndex = 1; lastKnownFileType = text.xcconfig; name = "Pods-MusiclyUITests.debug.xcconfig"; path = "Pods/Target Support Files/Pods-MusiclyUITests/Pods-MusiclyUITests.debug.xcconfig"; sourceTree = "<group>"; };
		A1F3B9D661206A6F91E05C21 /* Pods_MusiclyTests.framework */ = {isa = PBXFileReference; explicitFileType = wrapper.framework; includeInIndex = 0; path = Pods_MusiclyTests.framework; sourceTree = BUILT_PRODUCTS_DIR; };
		A5F52DE761385242BF409E94 /* Pods-MusiclyUITests.release.xcconfig */ = {isa = PBXFileReference; includeInIndex = 1; lastKnownFileType = text.xcconfig; name = "Pods-MusiclyUITests.release.xcconfig"; path = "Pods/Target Support Files/Pods-MusiclyUITests/Pods-MusiclyUITests.release.xcconfig"; sourceTree = "<group>"; };
		A7168BFD1EB94DE800B64F09 /* PlayerDelegate.swift */ = {isa = PBXFileReference; fileEncoding = 4; lastKnownFileType = sourcecode.swift; path = PlayerDelegate.swift; sourceTree = "<group>"; };
		A71A09A21EB814A800CA35E4 /* URLConstructor.swift */ = {isa = PBXFileReference; fileEncoding = 4; lastKnownFileType = sourcecode.swift; path = URLConstructor.swift; sourceTree = "<group>"; };
		A71A09A41EB8150600CA35E4 /* URLRouter.swift */ = {isa = PBXFileReference; fileEncoding = 4; lastKnownFileType = sourcecode.swift; path = URLRouter.swift; sourceTree = "<group>"; };
		A71A09A61EB8162800CA35E4 /* LocalStorageManager.swift */ = {isa = PBXFileReference; fileEncoding = 4; lastKnownFileType = sourcecode.swift; path = LocalStorageManager.swift; sourceTree = "<group>"; };
		A71A09A81EB81FC200CA35E4 /* MenuActive.swift */ = {isa = PBXFileReference; fileEncoding = 4; lastKnownFileType = sourcecode.swift; name = MenuActive.swift; path = Elements/Menu/MenuActive.swift; sourceTree = "<group>"; };
		A71A09AB1EB8200C00CA35E4 /* EmptyView.swift */ = {isa = PBXFileReference; fileEncoding = 4; lastKnownFileType = sourcecode.swift; name = EmptyView.swift; path = Elements/Views/EmptyView.swift; sourceTree = "<group>"; };
		A71A09AC1EB8200C00CA35E4 /* LoadingView.swift */ = {isa = PBXFileReference; fileEncoding = 4; lastKnownFileType = sourcecode.swift; name = LoadingView.swift; path = Elements/Views/LoadingView.swift; sourceTree = "<group>"; };
		A71A14B51EB7879100EDCE6D /* BaseMenuPopover.swift */ = {isa = PBXFileReference; fileEncoding = 4; lastKnownFileType = sourcecode.swift; name = BaseMenuPopover.swift; path = Elements/Menu/BaseMenuPopover.swift; sourceTree = "<group>"; };
		A71A14B61EB7879100EDCE6D /* BottomMenu.swift */ = {isa = PBXFileReference; fileEncoding = 4; lastKnownFileType = sourcecode.swift; name = BottomMenu.swift; path = Elements/Menu/BottomMenu.swift; sourceTree = "<group>"; };
		A71A14B71EB7879100EDCE6D /* MenuOptionView.swift */ = {isa = PBXFileReference; fileEncoding = 4; lastKnownFileType = sourcecode.swift; name = MenuOptionView.swift; path = Elements/Menu/MenuOptionView.swift; sourceTree = "<group>"; };
		A71A14BB1EB7885F00EDCE6D /* Download.swift */ = {isa = PBXFileReference; fileEncoding = 4; lastKnownFileType = sourcecode.swift; name = Download.swift; path = Download/Download.swift; sourceTree = "<group>"; };
		A71A14C01EB78E4400EDCE6D /* NSError+Extension.swift */ = {isa = PBXFileReference; fileEncoding = 4; lastKnownFileType = sourcecode.swift; name = "NSError+Extension.swift"; path = "Musicly/ApplicationSevices/Extensions/NSError+Extension.swift"; sourceTree = SOURCE_ROOT; };
		A71A14C21EB79B4E00EDCE6D /* MusiclyAPISpec.swift */ = {isa = PBXFileReference; fileEncoding = 4; lastKnownFileType = sourcecode.swift; path = MusiclyAPISpec.swift; sourceTree = "<group>"; };
		A71ADF231EADDFE50030932E /* TabBarController.swift */ = {isa = PBXFileReference; fileEncoding = 4; lastKnownFileType = sourcecode.swift; name = TabBarController.swift; path = TabBarController/TabBarController.swift; sourceTree = "<group>"; };
		A71ADF3B1EADE09E0030932E /* SplashView.swift */ = {isa = PBXFileReference; fileEncoding = 4; lastKnownFileType = sourcecode.swift; name = SplashView.swift; path = Screens/Splash/SplashView.swift; sourceTree = "<group>"; };
		A71ADF3C1EADE09E0030932E /* SplashViewController.swift */ = {isa = PBXFileReference; fileEncoding = 4; lastKnownFileType = sourcecode.swift; name = SplashViewController.swift; path = Screens/Splash/SplashViewController.swift; sourceTree = "<group>"; };
		A71C03E71EB1F74D00941ECB /* TrackCellViewModel.swift */ = {isa = PBXFileReference; fileEncoding = 4; lastKnownFileType = sourcecode.swift; name = TrackCellViewModel.swift; path = Musicly/UI/Screens/Tracks/Models/TrackCellViewModel.swift; sourceTree = SOURCE_ROOT; };
		A71C03EB1EB1F75B00941ECB /* TrackCell.swift */ = {isa = PBXFileReference; fileEncoding = 4; lastKnownFileType = sourcecode.swift; name = TrackCell.swift; path = Musicly/UI/Screens/Tracks/Views/TrackCell.swift; sourceTree = SOURCE_ROOT; };
		A71C03EC1EB1F75B00941ECB /* TracksViewController.swift */ = {isa = PBXFileReference; fileEncoding = 4; lastKnownFileType = sourcecode.swift; name = TracksViewController.swift; path = Musicly/UI/Screens/Tracks/Views/TracksViewController.swift; sourceTree = SOURCE_ROOT; };
		A71C04031EB24ECA00941ECB /* RealmClient.swift */ = {isa = PBXFileReference; fileEncoding = 4; lastKnownFileType = sourcecode.swift; path = RealmClient.swift; sourceTree = "<group>"; };
		A71EF3261EBABE9200713669 /* AnimationDelegate.swift */ = {isa = PBXFileReference; fileEncoding = 4; lastKnownFileType = sourcecode.swift; name = AnimationDelegate.swift; path = Animations/AnimationDelegate.swift; sourceTree = "<group>"; };
		A71F02791EB9820B0012490D /* UIColor+Extension.swift */ = {isa = PBXFileReference; fileEncoding = 4; lastKnownFileType = sourcecode.swift; path = "UIColor+Extension.swift"; sourceTree = "<group>"; };
		A71F02901EB986A40012490D /* BasePopoverAlert.swift */ = {isa = PBXFileReference; fileEncoding = 4; lastKnownFileType = sourcecode.swift; name = BasePopoverAlert.swift; path = Elements/Popover/Base/BasePopoverAlert.swift; sourceTree = "<group>"; };
		A71F02911EB986A40012490D /* BasePopView.swift */ = {isa = PBXFileReference; fileEncoding = 4; lastKnownFileType = sourcecode.swift; name = BasePopView.swift; path = Elements/Popover/Base/BasePopView.swift; sourceTree = "<group>"; };
		A71F02941EB986BB0012490D /* ApplicationConstants.swift */ = {isa = PBXFileReference; fileEncoding = 4; lastKnownFileType = sourcecode.swift; name = ApplicationConstants.swift; path = Constants/ApplicationConstants.swift; sourceTree = "<group>"; };
		A71F02951EB986BB0012490D /* BaseAlertPopoverConstant.swift */ = {isa = PBXFileReference; fileEncoding = 4; lastKnownFileType = sourcecode.swift; name = BaseAlertPopoverConstant.swift; path = Constants/BaseAlertPopoverConstant.swift; sourceTree = "<group>"; };
		A71F02961EB986BB0012490D /* BaseMenuPopoverAlert.swift */ = {isa = PBXFileReference; fileEncoding = 4; lastKnownFileType = sourcecode.swift; name = BaseMenuPopoverAlert.swift; path = Extensions/Constants/BaseMenuPopoverAlert.swift; sourceTree = "<group>"; };
		A71F02971EB986BB0012490D /* ButtonConstants.swift */ = {isa = PBXFileReference; fileEncoding = 4; lastKnownFileType = sourcecode.swift; name = ButtonConstants.swift; path = Constants/ButtonConstants.swift; sourceTree = "<group>"; };
		A71F02981EB986BB0012490D /* CALayerConstants.swift */ = {isa = PBXFileReference; fileEncoding = 4; lastKnownFileType = sourcecode.swift; name = CALayerConstants.swift; path = Constants/CALayerConstants.swift; sourceTree = "<group>"; };
		A71F02991EB986BB0012490D /* CollectionViewConstants.swift */ = {isa = PBXFileReference; fileEncoding = 4; lastKnownFileType = sourcecode.swift; name = CollectionViewConstants.swift; path = Constants/CollectionViewConstants.swift; sourceTree = "<group>"; };
		A71F029A1EB986BB0012490D /* DetailPopoverConstants.swift */ = {isa = PBXFileReference; fileEncoding = 4; lastKnownFileType = sourcecode.swift; name = DetailPopoverConstants.swift; path = Constants/DetailPopoverConstants.swift; sourceTree = "<group>"; };
		A71F029B1EB986BB0012490D /* DetailViewConstants.swift */ = {isa = PBXFileReference; fileEncoding = 4; lastKnownFileType = sourcecode.swift; name = DetailViewConstants.swift; path = Constants/DetailViewConstants.swift; sourceTree = "<group>"; };
		A71F029C1EB986BB0012490D /* EdgeAttributeConstants.swift */ = {isa = PBXFileReference; fileEncoding = 4; lastKnownFileType = sourcecode.swift; name = EdgeAttributeConstants.swift; path = Constants/EdgeAttributeConstants.swift; sourceTree = "<group>"; };
		A71F029D1EB986BB0012490D /* EqualizerConstants.swift */ = {isa = PBXFileReference; fileEncoding = 4; lastKnownFileType = sourcecode.swift; name = EqualizerConstants.swift; path = Constants/EqualizerConstants.swift; sourceTree = "<group>"; };
		A71F029E1EB986BB0012490D /* LogoConstants.swift */ = {isa = PBXFileReference; fileEncoding = 4; lastKnownFileType = sourcecode.swift; name = LogoConstants.swift; path = Constants/LogoConstants.swift; sourceTree = "<group>"; };
		A71F029F1EB986BB0012490D /* PlayerViewConstants.swift */ = {isa = PBXFileReference; fileEncoding = 4; lastKnownFileType = sourcecode.swift; name = PlayerViewConstants.swift; path = Constants/PlayerViewConstants.swift; sourceTree = "<group>"; };
		A71F02A01EB986BB0012490D /* PlaylistConstants.swift */ = {isa = PBXFileReference; fileEncoding = 4; lastKnownFileType = sourcecode.swift; name = PlaylistConstants.swift; path = Constants/PlaylistConstants.swift; sourceTree = "<group>"; };
		A71F02A11EB986BB0012490D /* PlaylistViewControllerConstants.swift */ = {isa = PBXFileReference; fileEncoding = 4; lastKnownFileType = sourcecode.swift; name = PlaylistViewControllerConstants.swift; path = Constants/PlaylistViewControllerConstants.swift; sourceTree = "<group>"; };
		A71F02A21EB986BB0012490D /* SplashConstants.swift */ = {isa = PBXFileReference; fileEncoding = 4; lastKnownFileType = sourcecode.swift; name = SplashConstants.swift; path = Constants/SplashConstants.swift; sourceTree = "<group>"; };
		A71F02A31EB986BB0012490D /* TabBarConstants.swift */ = {isa = PBXFileReference; fileEncoding = 4; lastKnownFileType = sourcecode.swift; name = TabBarConstants.swift; path = Constants/TabBarConstants.swift; sourceTree = "<group>"; };
		A71F02A41EB986BB0012490D /* TrackCellConstants.swift */ = {isa = PBXFileReference; fileEncoding = 4; lastKnownFileType = sourcecode.swift; name = TrackCellConstants.swift; path = Constants/TrackCellConstants.swift; sourceTree = "<group>"; };
		A72AE34F1EBA4D5D0022C6B3 /* DownloadDelegate.swift */ = {isa = PBXFileReference; fileEncoding = 4; lastKnownFileType = sourcecode.swift; name = DownloadDelegate.swift; path = Download/DownloadDelegate.swift; sourceTree = "<group>"; };
		A72AE3511EBA4D710022C6B3 /* DownloadStatus.swift */ = {isa = PBXFileReference; fileEncoding = 4; lastKnownFileType = sourcecode.swift; name = DownloadStatus.swift; path = Download/DownloadStatus.swift; sourceTree = "<group>"; };
		A72AE3531EBA4DA20022C6B3 /* Notification+Extension.swift */ = {isa = PBXFileReference; fileEncoding = 4; lastKnownFileType = sourcecode.swift; name = "Notification+Extension.swift"; path = "Musicly/ApplicationSevices/Extensions/Notification+Extension.swift"; sourceTree = SOURCE_ROOT; };
		A72AE3551EBA4F010022C6B3 /* Thumbs.swift */ = {isa = PBXFileReference; fileEncoding = 4; lastKnownFileType = sourcecode.swift; name = Thumbs.swift; path = iTrack/Thumbs.swift; sourceTree = "<group>"; };
		A72AE3571EBA51130022C6B3 /* LoadingPopover.swift */ = {isa = PBXFileReference; fileEncoding = 4; lastKnownFileType = sourcecode.swift; name = LoadingPopover.swift; path = Elements/LoadingPopover.swift; sourceTree = "<group>"; };
		A72AE35A1EBA55840022C6B3 /* BallAnimation.swift */ = {isa = PBXFileReference; fileEncoding = 4; lastKnownFileType = sourcecode.swift; name = BallAnimation.swift; path = Animations/Ball/BallAnimation.swift; sourceTree = "<group>"; };
		A72AE35B1EBA55840022C6B3 /* BallAnimationView.swift */ = {isa = PBXFileReference; fileEncoding = 4; lastKnownFileType = sourcecode.swift; name = BallAnimationView.swift; path = Animations/Ball/BallAnimationView.swift; sourceTree = "<group>"; };
		A72AE35E1EBA55980022C6B3 /* AudioEqualizer.swift */ = {isa = PBXFileReference; fileEncoding = 4; lastKnownFileType = sourcecode.swift; name = AudioEqualizer.swift; path = Animations/Equalizer/AudioEqualizer.swift; sourceTree = "<group>"; };
		A72AE35F1EBA55980022C6B3 /* IndicatorView.swift */ = {isa = PBXFileReference; fileEncoding = 4; lastKnownFileType = sourcecode.swift; name = IndicatorView.swift; path = Animations/Equalizer/IndicatorView.swift; sourceTree = "<group>"; };
		A72AE3641EBA5A8D0022C6B3 /* AppDelegate.swift */ = {isa = PBXFileReference; fileEncoding = 4; lastKnownFileType = sourcecode.swift; path = AppDelegate.swift; sourceTree = "<group>"; };
		A72E9C5F1EBE6423002C0774 /* UISearchBar+Extension.swift */ = {isa = PBXFileReference; fileEncoding = 4; lastKnownFileType = sourcecode.swift; path = "UISearchBar+Extension.swift"; sourceTree = "<group>"; };
		A72E9C611EBE6A13002C0774 /* ViewState.swift */ = {isa = PBXFileReference; fileEncoding = 4; lastKnownFileType = sourcecode.swift; name = ViewState.swift; path = Screens/Playlist/PlaylistTracks/ViewState.swift; sourceTree = "<group>"; };
		A73268CC1E9EFE8500B48CD9 /* CALayer+Extension.swift */ = {isa = PBXFileReference; fileEncoding = 4; lastKnownFileType = sourcecode.swift; name = "CALayer+Extension.swift"; path = "Musicly/UI/Extensions/CALayer+Extension.swift"; sourceTree = SOURCE_ROOT; };
		A73F62991EC9A64300930741 /* ListControllerDataSource.swift */ = {isa = PBXFileReference; fileEncoding = 4; lastKnownFileType = sourcecode.swift; name = ListControllerDataSource.swift; path = Musicly/UI/Screens/DataSource/ListControllerDataSource.swift; sourceTree = SOURCE_ROOT; };
		A73F629B1EC9A65900930741 /* EmptyViewProtocol.swift */ = {isa = PBXFileReference; fileEncoding = 4; lastKnownFileType = sourcecode.swift; name = EmptyViewProtocol.swift; path = Screens/Protocols/EmptyViewProtocol.swift; sourceTree = "<group>"; };
		A73F629C1EC9A65900930741 /* OpenPlayerProtocol.swift */ = {isa = PBXFileReference; fileEncoding = 4; lastKnownFileType = sourcecode.swift; name = OpenPlayerProtocol.swift; path = Screens/Protocols/OpenPlayerProtocol.swift; sourceTree = "<group>"; };
		A73F629D1EC9A65900930741 /* TrackCellCreator.swift */ = {isa = PBXFileReference; fileEncoding = 4; lastKnownFileType = sourcecode.swift; name = TrackCellCreator.swift; path = Screens/Protocols/TrackCellCreator.swift; sourceTree = "<group>"; };
		A73F62A11EC9A68D00930741 /* TrackCellCollectionProtocol.swift */ = {isa = PBXFileReference; fileEncoding = 4; lastKnownFileType = sourcecode.swift; name = TrackCellCollectionProtocol.swift; path = Screens/Protocols/TrackCellCollectionProtocol.swift; sourceTree = "<group>"; };
		A75F3BFD1EBE573A0008F01D /* DownloadViewController.swift */ = {isa = PBXFileReference; fileEncoding = 4; lastKnownFileType = sourcecode.swift; path = DownloadViewController.swift; sourceTree = "<group>"; };
		A764B57C1EB988A400DB077C /* BottomMenuPopover.swift */ = {isa = PBXFileReference; fileEncoding = 4; lastKnownFileType = sourcecode.swift; name = BottomMenuPopover.swift; path = Elements/Menu/BottomMenuPopover.swift; sourceTree = "<group>"; };
		A777028A1EBC05D90002E644 /* TrackContentState.swift */ = {isa = PBXFileReference; fileEncoding = 4; lastKnownFileType = sourcecode.swift; name = TrackContentState.swift; path = Musicly/UI/Screens/Tracks/Models/TrackContentState.swift; sourceTree = SOURCE_ROOT; };
		A777028C1EBC1F800002E644 /* MenuDelegate.swift */ = {isa = PBXFileReference; fileEncoding = 4; lastKnownFileType = sourcecode.swift; name = MenuDelegate.swift; path = Elements/Menu/MenuDelegate.swift; sourceTree = "<group>"; };
		A777028E1EBC20300002E644 /* PlaylistCreatorDelegate.swift */ = {isa = PBXFileReference; fileEncoding = 4; lastKnownFileType = sourcecode.swift; name = PlaylistCreatorDelegate.swift; path = Elements/Popover/Detail/PlaylistCreatorDelegate.swift; sourceTree = "<group>"; };
		A77702951EBC29750002E644 /* PlayerView.swift */ = {isa = PBXFileReference; fileEncoding = 4; lastKnownFileType = sourcecode.swift; name = PlayerView.swift; path = Screens/Player/Views/PlayerView.swift; sourceTree = "<group>"; };
		A77702961EBC29750002E644 /* PlayerViewController.swift */ = {isa = PBXFileReference; fileEncoding = 4; lastKnownFileType = sourcecode.swift; name = PlayerViewController.swift; path = Screens/Player/Views/PlayerViewController.swift; sourceTree = "<group>"; };
		A77702991EBC29830002E644 /* PlayerViewDelegate.swift */ = {isa = PBXFileReference; fileEncoding = 4; lastKnownFileType = sourcecode.swift; name = PlayerViewDelegate.swift; path = Screens/Player/Delegate/PlayerViewDelegate.swift; sourceTree = "<group>"; };
		A777029B1EBC29920002E644 /* FileState.swift */ = {isa = PBXFileReference; fileEncoding = 4; lastKnownFileType = sourcecode.swift; name = FileState.swift; path = Screens/Player/Models/FileState.swift; sourceTree = "<group>"; };
		A777029C1EBC29920002E644 /* PlayerViewModel.swift */ = {isa = PBXFileReference; fileEncoding = 4; lastKnownFileType = sourcecode.swift; name = PlayerViewModel.swift; path = Screens/Player/Models/PlayerViewModel.swift; sourceTree = "<group>"; };
		A77702A11EBC2A620002E644 /* PlaylistCell.swift */ = {isa = PBXFileReference; fileEncoding = 4; lastKnownFileType = sourcecode.swift; name = PlaylistCell.swift; path = Screens/Playlist/Playlists/Views/PlaylistCell.swift; sourceTree = "<group>"; };
		A77702A31EBC2A620002E644 /* PlaylistsViewController.swift */ = {isa = PBXFileReference; fileEncoding = 4; lastKnownFileType = sourcecode.swift; name = PlaylistsViewController.swift; path = Screens/Playlist/Playlists/Views/PlaylistsViewController.swift; sourceTree = "<group>"; };
		A77702A71EBC2A890002E644 /* PlaylistItemLayout.swift */ = {isa = PBXFileReference; fileEncoding = 4; lastKnownFileType = sourcecode.swift; name = PlaylistItemLayout.swift; path = Screens/Playlist/Playlists/Layout/PlaylistItemLayout.swift; sourceTree = "<group>"; };
		A77702A91EBC2A980002E644 /* PlaylistTracksViewController.swift */ = {isa = PBXFileReference; fileEncoding = 4; lastKnownFileType = sourcecode.swift; name = PlaylistTracksViewController.swift; path = Screens/Playlist/PlaylistTracks/Views/PlaylistTracksViewController.swift; sourceTree = "<group>"; };
		A7ADE8161EAD7CAC004F299E /* RealmThumb.swift */ = {isa = PBXFileReference; fileEncoding = 4; lastKnownFileType = sourcecode.swift; name = RealmThumb.swift; path = iTrack/RealmThumb.swift; sourceTree = "<group>"; };
		A7ADE8181EAD7CE8004F299E /* TrackList.swift */ = {isa = PBXFileReference; fileEncoding = 4; lastKnownFileType = sourcecode.swift; name = TrackList.swift; path = iTrack/TrackList.swift; sourceTree = "<group>"; };
		A7B073721EA974E800DCC576 /* PlaylistItem.swift */ = {isa = PBXFileReference; fileEncoding = 4; lastKnownFileType = sourcecode.swift; name = PlaylistItem.swift; path = Playlist/PlaylistItem.swift; sourceTree = "<group>"; };
		A7B349E01EB13D4000B4F9FE /* Player.swift */ = {isa = PBXFileReference; fileEncoding = 4; lastKnownFileType = sourcecode.swift; path = Player.swift; sourceTree = "<group>"; };
		A7B35F581EB3AEC2008A12C8 /* TrackItemsLayout.swift */ = {isa = PBXFileReference; fileEncoding = 4; lastKnownFileType = sourcecode.swift; name = TrackItemsLayout.swift; path = Musicly/UI/Screens/Tracks/Views/TrackItemsLayout.swift; sourceTree = SOURCE_ROOT; };
		A7C9959B1E9EA6CF004826EE /* Musicly.app */ = {isa = PBXFileReference; explicitFileType = wrapper.application; includeInIndex = 0; path = Musicly.app; sourceTree = BUILT_PRODUCTS_DIR; };
		A7C995A51E9EA6CF004826EE /* Assets.xcassets */ = {isa = PBXFileReference; lastKnownFileType = folder.assetcatalog; path = Assets.xcassets; sourceTree = "<group>"; };
		A7C995A81E9EA6CF004826EE /* Base */ = {isa = PBXFileReference; lastKnownFileType = file.storyboard; name = Base; path = Base.lproj/LaunchScreen.storyboard; sourceTree = "<group>"; };
		A7C995AA1E9EA6CF004826EE /* Info.plist */ = {isa = PBXFileReference; lastKnownFileType = text.plist.xml; path = Info.plist; sourceTree = "<group>"; };
		A7C995AF1E9EA6D0004826EE /* MusiclyTests.xctest */ = {isa = PBXFileReference; explicitFileType = wrapper.cfbundle; includeInIndex = 0; path = MusiclyTests.xctest; sourceTree = BUILT_PRODUCTS_DIR; };
		A7C995B31E9EA6D0004826EE /* MusiclyTests.swift */ = {isa = PBXFileReference; lastKnownFileType = sourcecode.swift; path = MusiclyTests.swift; sourceTree = "<group>"; };
		A7C995B51E9EA6D0004826EE /* Info.plist */ = {isa = PBXFileReference; lastKnownFileType = text.plist.xml; path = Info.plist; sourceTree = "<group>"; };
		A7C995BA1E9EA6D0004826EE /* MusiclyUITests.xctest */ = {isa = PBXFileReference; explicitFileType = wrapper.cfbundle; includeInIndex = 0; path = MusiclyUITests.xctest; sourceTree = BUILT_PRODUCTS_DIR; };
		A7C995BE1E9EA6D0004826EE /* MusiclyUITests.swift */ = {isa = PBXFileReference; lastKnownFileType = sourcecode.swift; path = MusiclyUITests.swift; sourceTree = "<group>"; };
		A7C995C01E9EA6D0004826EE /* Info.plist */ = {isa = PBXFileReference; lastKnownFileType = text.plist.xml; path = Info.plist; sourceTree = "<group>"; };
		A7C995CE1E9EA6DF004826EE /* TrackDataStore.swift */ = {isa = PBXFileReference; fileEncoding = 4; lastKnownFileType = sourcecode.swift; path = TrackDataStore.swift; sourceTree = "<group>"; };
		A7C995E11E9EA6F6004826EE /* StyleAttributes.swift */ = {isa = PBXFileReference; fileEncoding = 4; lastKnownFileType = sourcecode.swift; path = StyleAttributes.swift; sourceTree = "<group>"; };
		A7C995E71E9EA6F6004826EE /* UIImageView+Extension.swift */ = {isa = PBXFileReference; fileEncoding = 4; lastKnownFileType = sourcecode.swift; path = "UIImageView+Extension.swift"; sourceTree = "<group>"; };
		A7C995F41E9EA707004826EE /* APIClient.swift */ = {isa = PBXFileReference; fileEncoding = 4; lastKnownFileType = sourcecode.swift; path = APIClient.swift; sourceTree = "<group>"; };
		A7CA202B1EAC67BE00EF69A1 /* String+Extension.swift */ = {isa = PBXFileReference; fileEncoding = 4; lastKnownFileType = sourcecode.swift; path = "String+Extension.swift"; sourceTree = "<group>"; };
		A7CBC3EF1E9FC9E100C95A50 /* UILabel+Extension.swift */ = {isa = PBXFileReference; fileEncoding = 4; lastKnownFileType = sourcecode.swift; path = "UILabel+Extension.swift"; sourceTree = "<group>"; };
		A7CBC3F91E9FD21100C95A50 /* UIViewController+Extension.swift */ = {isa = PBXFileReference; fileEncoding = 4; lastKnownFileType = sourcecode.swift; path = "UIViewController+Extension.swift"; sourceTree = "<group>"; };
		A7CBC4041E9FE62300C95A50 /* Track.swift */ = {isa = PBXFileReference; fileEncoding = 4; lastKnownFileType = sourcecode.swift; name = Track.swift; path = iTrack/Track.swift; sourceTree = "<group>"; };
		A7CBC40A1E9FE63000C95A50 /* Playlist.swift */ = {isa = PBXFileReference; fileEncoding = 4; lastKnownFileType = sourcecode.swift; name = Playlist.swift; path = Playlist/Playlist.swift; sourceTree = "<group>"; };
		A7E94CA81EBCF6E500E75461 /* PlaylistsViewControllerDataSource.swift */ = {isa = PBXFileReference; fileEncoding = 4; lastKnownFileType = sourcecode.swift; name = PlaylistsViewControllerDataSource.swift; path = Screens/Playlist/Playlists/PlaylistsViewControllerDataSource.swift; sourceTree = "<group>"; };
		A7ECBCD01EB46A070098CE0E /* DetailPopover.swift */ = {isa = PBXFileReference; fileEncoding = 4; lastKnownFileType = sourcecode.swift; name = DetailPopover.swift; path = Elements/Popover/Detail/DetailPopover.swift; sourceTree = "<group>"; };
		A7ECBCD11EB46A070098CE0E /* DetailView.swift */ = {isa = PBXFileReference; fileEncoding = 4; lastKnownFileType = sourcecode.swift; name = DetailView.swift; path = Elements/Popover/Detail/DetailView.swift; sourceTree = "<group>"; };
		A7F6C67A1EBE2B520028FD19 /* UICollectionViewCell+Extension.swift */ = {isa = PBXFileReference; fileEncoding = 4; lastKnownFileType = sourcecode.swift; path = "UICollectionViewCell+Extension.swift"; sourceTree = "<group>"; };
		A7F6C67D1EBE43390028FD19 /* Textfield+Extension.swift */ = {isa = PBXFileReference; fileEncoding = 4; lastKnownFileType = sourcecode.swift; name = "Textfield+Extension.swift"; path = "Elements/TextField/Textfield+Extension.swift"; sourceTree = "<group>"; };
		A7F8353C1EBCE9F0008CA4E3 /* PlaylistTracksViewControllerModel.swift */ = {isa = PBXFileReference; fileEncoding = 4; lastKnownFileType = sourcecode.swift; name = PlaylistTracksViewControllerModel.swift; path = Screens/Playlist/PlaylistTracks/PlaylistTracksViewControllerModel.swift; sourceTree = "<group>"; };
		C0CC79972E792E6914215932 /* Pods-Musicly.debug.xcconfig */ = {isa = PBXFileReference; includeInIndex = 1; lastKnownFileType = text.xcconfig; name = "Pods-Musicly.debug.xcconfig"; path = "Pods/Target Support Files/Pods-Musicly/Pods-Musicly.debug.xcconfig"; sourceTree = "<group>"; };
		C38E2BC5607BB57CAC66B696 /* Pods-MusiclyTests.release.xcconfig */ = {isa = PBXFileReference; includeInIndex = 1; lastKnownFileType = text.xcconfig; name = "Pods-MusiclyTests.release.xcconfig"; path = "Pods/Target Support Files/Pods-MusiclyTests/Pods-MusiclyTests.release.xcconfig"; sourceTree = "<group>"; };
		DA2DD93AD7AA64BCFA83BEBD /* Pods_MusiclyUITests.framework */ = {isa = PBXFileReference; explicitFileType = wrapper.framework; includeInIndex = 0; path = Pods_MusiclyUITests.framework; sourceTree = BUILT_PRODUCTS_DIR; };
		E92547FA7DBC94FE93D63E98 /* Pods-Musicly.release.xcconfig */ = {isa = PBXFileReference; includeInIndex = 1; lastKnownFileType = text.xcconfig; name = "Pods-Musicly.release.xcconfig"; path = "Pods/Target Support Files/Pods-Musicly/Pods-Musicly.release.xcconfig"; sourceTree = "<group>"; };
/* End PBXFileReference section */

/* Begin PBXFrameworksBuildPhase section */
		A7C995981E9EA6CF004826EE /* Frameworks */ = {
			isa = PBXFrameworksBuildPhase;
			buildActionMask = 2147483647;
			files = (
				E8255C1EF1DF0B54D05B149F /* Pods_Musicly.framework in Frameworks */,
			);
			runOnlyForDeploymentPostprocessing = 0;
		};
		A7C995AC1E9EA6D0004826EE /* Frameworks */ = {
			isa = PBXFrameworksBuildPhase;
			buildActionMask = 2147483647;
			files = (
				BB2634885F3F26D76E4058D8 /* Pods_MusiclyTests.framework in Frameworks */,
			);
			runOnlyForDeploymentPostprocessing = 0;
		};
		A7C995B71E9EA6D0004826EE /* Frameworks */ = {
			isa = PBXFrameworksBuildPhase;
			buildActionMask = 2147483647;
			files = (
				802768400C61A741A372161B /* Pods_MusiclyUITests.framework in Frameworks */,
			);
			runOnlyForDeploymentPostprocessing = 0;
		};
/* End PBXFrameworksBuildPhase section */

/* Begin PBXGroup section */
		64A562E85D31FB962AF4BEC2 /* Pods */ = {
			isa = PBXGroup;
			children = (
				C0CC79972E792E6914215932 /* Pods-Musicly.debug.xcconfig */,
				E92547FA7DBC94FE93D63E98 /* Pods-Musicly.release.xcconfig */,
				8B3AD81D44C52BC0894B50B5 /* Pods-MusiclyTests.debug.xcconfig */,
				C38E2BC5607BB57CAC66B696 /* Pods-MusiclyTests.release.xcconfig */,
				95F4BC9A08A15ADBB27D2546 /* Pods-MusiclyUITests.debug.xcconfig */,
				A5F52DE761385242BF409E94 /* Pods-MusiclyUITests.release.xcconfig */,
			);
			name = Pods;
			sourceTree = "<group>";
		};
		74167B9D912CA57B146DA21B /* Frameworks */ = {
			isa = PBXGroup;
			children = (
				049711FAEBCF9F15C01DA033 /* Pods_Musicly.framework */,
				A1F3B9D661206A6F91E05C21 /* Pods_MusiclyTests.framework */,
				DA2DD93AD7AA64BCFA83BEBD /* Pods_MusiclyUITests.framework */,
			);
			name = Frameworks;
			sourceTree = "<group>";
		};
		A70776E21EC9E33A0028A72B /* Protocols */ = {
			isa = PBXGroup;
			children = (
				A73F629B1EC9A65900930741 /* EmptyViewProtocol.swift */,
				A73F62A11EC9A68D00930741 /* TrackCellCollectionProtocol.swift */,
				A73F629C1EC9A65900930741 /* OpenPlayerProtocol.swift */,
				A73F629D1EC9A65900930741 /* TrackCellCreator.swift */,
			);
			name = Protocols;
			sourceTree = "<group>";
		};
		A70776E31EC9E42C0028A72B /* Cells */ = {
			isa = PBXGroup;
			children = (
				A71C03EB1EB1F75B00941ECB /* TrackCell.swift */,
				A77702A11EBC2A620002E644 /* PlaylistCell.swift */,
			);
			name = Cells;
			sourceTree = "<group>";
		};
		A70776E41EC9E4AD0028A72B /* Model */ = {
			isa = PBXGroup;
			children = (
				A72E9C611EBE6A13002C0774 /* ViewState.swift */,
				A7F8353C1EBCE9F0008CA4E3 /* PlaylistTracksViewControllerModel.swift */,
			);
			name = Model;
			sourceTree = "<group>";
		};
		A70776E51EC9E4B40028A72B /* View */ = {
			isa = PBXGroup;
			children = (
				A77702A91EBC2A980002E644 /* PlaylistTracksViewController.swift */,
			);
			name = View;
			sourceTree = "<group>";
		};
		A70776E61EC9E4C00028A72B /* Model */ = {
			isa = PBXGroup;
			children = (
				A7E94CA81EBCF6E500E75461 /* PlaylistsViewControllerDataSource.swift */,
			);
			name = Model;
			sourceTree = "<group>";
		};
		A70776E71EC9E4C50028A72B /* View */ = {
			isa = PBXGroup;
			children = (
				A77702A31EBC2A620002E644 /* PlaylistsViewController.swift */,
			);
			name = View;
			sourceTree = "<group>";
		};
		A71739D51EA1915400C28A41 /* Extensions */ = {
			isa = PBXGroup;
			children = (
				A72AE3531EBA4DA20022C6B3 /* Notification+Extension.swift */,
			);
			name = Extensions;
			sourceTree = "<group>";
		};
		A71A09AA1EB81FDE00CA35E4 /* Views */ = {
			isa = PBXGroup;
			children = (
				A71A09AB1EB8200C00CA35E4 /* EmptyView.swift */,
			);
			name = Views;
			sourceTree = "<group>";
		};
		A71A14BD1EB7886500EDCE6D /* Download */ = {
			isa = PBXGroup;
			children = (
				A71A14BB1EB7885F00EDCE6D /* Download.swift */,
				A72AE34F1EBA4D5D0022C6B3 /* DownloadDelegate.swift */,
				A72AE3511EBA4D710022C6B3 /* DownloadStatus.swift */,
			);
			name = Download;
			sourceTree = "<group>";
		};
		A71ADF251EADDFFC0030932E /* Popover */ = {
			isa = PBXGroup;
			children = (
				A71C03FE1EB2037100941ECB /* Detail */,
				A71C03FF1EB2037800941ECB /* Base */,
				A7C9D1D61EB6579000CA12CF /* Menu */,
				A72AE3591EBA514E0022C6B3 /* Loading */,
			);
			name = Popover;
			sourceTree = "<group>";
		};
		A71ADF261EADE0020030932E /* TabBarController */ = {
			isa = PBXGroup;
			children = (
				A71ADF231EADDFE50030932E /* TabBarController.swift */,
			);
			name = TabBarController;
			sourceTree = "<group>";
		};
		A71C03EF1EB1F76A00941ECB /* Views */ = {
			isa = PBXGroup;
			children = (
				A71C03EC1EB1F75B00941ECB /* TracksViewController.swift */,
				A7B35F581EB3AEC2008A12C8 /* TrackItemsLayout.swift */,
			);
			name = Views;
			sourceTree = "<group>";
		};
		A71C03F01EB1F77100941ECB /* Models */ = {
			isa = PBXGroup;
			children = (
				A73F62991EC9A64300930741 /* ListControllerDataSource.swift */,
				A777028A1EBC05D90002E644 /* TrackContentState.swift */,
				A71C03E71EB1F74D00941ECB /* TrackCellViewModel.swift */,
			);
			name = Models;
			sourceTree = "<group>";
		};
		A71C03F31EB1F7A900941ECB /* Animations */ = {
			isa = PBXGroup;
			children = (
				A72AE3631EBA55AC0022C6B3 /* Equalizer */,
				A72AE3621EBA55A30022C6B3 /* Ball */,
			);
			name = Animations;
			sourceTree = "<group>";
		};
		A71C03FE1EB2037100941ECB /* Detail */ = {
			isa = PBXGroup;
			children = (
				A7ECBCD01EB46A070098CE0E /* DetailPopover.swift */,
				A7ECBCD11EB46A070098CE0E /* DetailView.swift */,
				A777028E1EBC20300002E644 /* PlaylistCreatorDelegate.swift */,
			);
			name = Detail;
			sourceTree = "<group>";
		};
		A71C03FF1EB2037800941ECB /* Base */ = {
			isa = PBXGroup;
			children = (
				A71F02961EB986BB0012490D /* BaseMenuPopoverAlert.swift */,
				A71F02901EB986A40012490D /* BasePopoverAlert.swift */,
				A71F02911EB986A40012490D /* BasePopView.swift */,
			);
			name = Base;
			sourceTree = "<group>";
		};
		A71C04001EB2039800941ECB /* Model */ = {
			isa = PBXGroup;
			children = (
				A777029B1EBC29920002E644 /* FileState.swift */,
				A777029C1EBC29920002E644 /* PlayerViewModel.swift */,
			);
			name = Model;
			sourceTree = "<group>";
		};
		A71C04011EB2039E00941ECB /* Views */ = {
			isa = PBXGroup;
			children = (
				A77702951EBC29750002E644 /* PlayerView.swift */,
				A77702961EBC29750002E644 /* PlayerViewController.swift */,
			);
			name = Views;
			sourceTree = "<group>";
		};
		A71C04021EB203A800941ECB /* Delegate */ = {
			isa = PBXGroup;
			children = (
				A77702991EBC29830002E644 /* PlayerViewDelegate.swift */,
			);
			name = Delegate;
			sourceTree = "<group>";
		};
		A71EF3251EBAB2A000713669 /* Player */ = {
			isa = PBXGroup;
			children = (
				A7B349E01EB13D4000B4F9FE /* Player.swift */,
				A7168BFD1EB94DE800B64F09 /* PlayerDelegate.swift */,
			);
			name = Player;
			sourceTree = "<group>";
		};
		A71F027F1EB9827C0012490D /* Constants */ = {
			isa = PBXGroup;
			children = (
				A71F02941EB986BB0012490D /* ApplicationConstants.swift */,
				A71F02951EB986BB0012490D /* BaseAlertPopoverConstant.swift */,
				A71F02971EB986BB0012490D /* ButtonConstants.swift */,
				A71F02981EB986BB0012490D /* CALayerConstants.swift */,
				A71F02991EB986BB0012490D /* CollectionViewConstants.swift */,
				A71F029A1EB986BB0012490D /* DetailPopoverConstants.swift */,
				A71F029B1EB986BB0012490D /* DetailViewConstants.swift */,
				A71F029C1EB986BB0012490D /* EdgeAttributeConstants.swift */,
				A71F029D1EB986BB0012490D /* EqualizerConstants.swift */,
				A71F029E1EB986BB0012490D /* LogoConstants.swift */,
				A71F029F1EB986BB0012490D /* PlayerViewConstants.swift */,
				A71F02A01EB986BB0012490D /* PlaylistConstants.swift */,
				A71F02A11EB986BB0012490D /* PlaylistViewControllerConstants.swift */,
				A71F02A21EB986BB0012490D /* SplashConstants.swift */,
				A71F02A31EB986BB0012490D /* TabBarConstants.swift */,
				A71F02A41EB986BB0012490D /* TrackCellConstants.swift */,
				A7C995E11E9EA6F6004826EE /* StyleAttributes.swift */,
			);
			name = Constants;
			path = Extensions;
			sourceTree = "<group>";
		};
		A72AE3591EBA514E0022C6B3 /* Loading */ = {
			isa = PBXGroup;
			children = (
				A72AE3571EBA51130022C6B3 /* LoadingPopover.swift */,
				A71A09AC1EB8200C00CA35E4 /* LoadingView.swift */,
			);
			name = Loading;
			sourceTree = "<group>";
		};
		A72AE3621EBA55A30022C6B3 /* Ball */ = {
			isa = PBXGroup;
			children = (
				A72AE35A1EBA55840022C6B3 /* BallAnimation.swift */,
				A72AE35B1EBA55840022C6B3 /* BallAnimationView.swift */,
				A71EF3261EBABE9200713669 /* AnimationDelegate.swift */,
			);
			name = Ball;
			sourceTree = "<group>";
		};
		A72AE3631EBA55AC0022C6B3 /* Equalizer */ = {
			isa = PBXGroup;
			children = (
				A72AE35E1EBA55980022C6B3 /* AudioEqualizer.swift */,
				A72AE35F1EBA55980022C6B3 /* IndicatorView.swift */,
			);
			name = Equalizer;
			sourceTree = "<group>";
		};
		A7322E081EA3EE400096E5DE /* Splash */ = {
			isa = PBXGroup;
			children = (
				A71ADF3B1EADE09E0030932E /* SplashView.swift */,
				A71ADF3C1EADE09E0030932E /* SplashViewController.swift */,
			);
			name = Splash;
			sourceTree = "<group>";
		};
		A73268C21E9EB5BD00B48CD9 /* Models */ = {
			isa = PBXGroup;
			children = (
				A7CBC3FC1E9FE57700C95A50 /* iTrack */,
				A7CBC3FD1E9FE58200C95A50 /* Playlist */,
				A71A14BD1EB7886500EDCE6D /* Download */,
			);
			path = Models;
			sourceTree = "<group>";
		};
		A73268C31E9EB5D100B48CD9 /* Data */ = {
			isa = PBXGroup;
			children = (
				A71A14C01EB78E4400EDCE6D /* NSError+Extension.swift */,
				A73268C71E9EB65A00B48CD9 /* Local */,
				A73268C41E9EB5F400B48CD9 /* Networking */,
				A71739D51EA1915400C28A41 /* Extensions */,
			);
			path = Data;
			sourceTree = "<group>";
		};
		A73268C41E9EB5F400B48CD9 /* Networking */ = {
			isa = PBXGroup;
			children = (
				A7C995F41E9EA707004826EE /* APIClient.swift */,
				A71A09A21EB814A800CA35E4 /* URLConstructor.swift */,
				A71A09A41EB8150600CA35E4 /* URLRouter.swift */,
			);
			path = Networking;
			sourceTree = "<group>";
		};
		A73268C51E9EB60B00B48CD9 /* Tracks */ = {
			isa = PBXGroup;
			children = (
				A71C03EF1EB1F76A00941ECB /* Views */,
				A71C03F01EB1F77100941ECB /* Models */,
			);
			path = Tracks;
			sourceTree = "<group>";
		};
		A73268C61E9EB61500B48CD9 /* Extensions */ = {
			isa = PBXGroup;
			children = (
				A7C995E71E9EA6F6004826EE /* UIImageView+Extension.swift */,
				A73268CC1E9EFE8500B48CD9 /* CALayer+Extension.swift */,
				A7CBC3EF1E9FC9E100C95A50 /* UILabel+Extension.swift */,
				A7CBC3F91E9FD21100C95A50 /* UIViewController+Extension.swift */,
				A7CA202B1EAC67BE00EF69A1 /* String+Extension.swift */,
				A71F02791EB9820B0012490D /* UIColor+Extension.swift */,
				A7F6C67A1EBE2B520028FD19 /* UICollectionViewCell+Extension.swift */,
				A75F3BFD1EBE573A0008F01D /* DownloadViewController.swift */,
				A72E9C5F1EBE6423002C0774 /* UISearchBar+Extension.swift */,
			);
			path = Extensions;
			sourceTree = "<group>";
		};
		A73268C71E9EB65A00B48CD9 /* Local */ = {
			isa = PBXGroup;
			children = (
				A77702911EBC26EA0002E644 /* DataStore */,
				A71EF3251EBAB2A000713669 /* Player */,
				A77702901EBC26DF0002E644 /* Realm */,
				A77702921EBC26F00002E644 /* Local Storage */,
			);
			path = Local;
			sourceTree = "<group>";
		};
		A73268C81E9ECAC500B48CD9 /* Resources */ = {
			isa = PBXGroup;
			children = (
				A7C995A51E9EA6CF004826EE /* Assets.xcassets */,
				A7C995AA1E9EA6CF004826EE /* Info.plist */,
				A7C995A71E9EA6CF004826EE /* LaunchScreen.storyboard */,
			);
			name = Resources;
			path = Musicly/Resources;
			sourceTree = "<group>";
		};
		A73268C91E9ECAFB00B48CD9 /* UI */ = {
			isa = PBXGroup;
			children = (
				A70776E31EC9E42C0028A72B /* Cells */,
				A71F027F1EB9827C0012490D /* Constants */,
				A71C03F31EB1F7A900941ECB /* Animations */,
				A73268C61E9EB61500B48CD9 /* Extensions */,
				A7CBC3EE1E9FBAEB00C95A50 /* Player */,
				A73268C51E9EB60B00B48CD9 /* Tracks */,
				A7322E081EA3EE400096E5DE /* Splash */,
				A7BB42FE1EA85E6A00A205CA /* Playlist */,
				A71ADF261EADE0020030932E /* TabBarController */,
				A7F6C67C1EBE42E60028FD19 /* Elements */,
				A70776E21EC9E33A0028A72B /* Protocols */,
			);
			path = UI;
			sourceTree = "<group>";
		};
		A73268CB1E9ECB5100B48CD9 /* ApplicationSevices */ = {
			isa = PBXGroup;
			children = (
				A73268C31E9EB5D100B48CD9 /* Data */,
			);
			path = ApplicationSevices;
			sourceTree = "<group>";
		};
		A74441671EB11FDD00FEB3F2 /* Playlists */ = {
			isa = PBXGroup;
			children = (
				A77702A71EBC2A890002E644 /* PlaylistItemLayout.swift */,
				A70776E71EC9E4C50028A72B /* View */,
				A70776E61EC9E4C00028A72B /* Model */,
			);
			name = Playlists;
			sourceTree = "<group>";
		};
		A77702901EBC26DF0002E644 /* Realm */ = {
			isa = PBXGroup;
			children = (
				A71C04031EB24ECA00941ECB /* RealmClient.swift */,
			);
			name = Realm;
			sourceTree = "<group>";
		};
		A77702911EBC26EA0002E644 /* DataStore */ = {
			isa = PBXGroup;
			children = (
				A7C995CE1E9EA6DF004826EE /* TrackDataStore.swift */,
			);
			name = DataStore;
			sourceTree = "<group>";
		};
		A77702921EBC26F00002E644 /* Local Storage */ = {
			isa = PBXGroup;
			children = (
				A71A09A61EB8162800CA35E4 /* LocalStorageManager.swift */,
			);
			name = "Local Storage";
			sourceTree = "<group>";
		};
		A7B349DD1EB12A8800B4F9FE /* Playlist */ = {
			isa = PBXGroup;
			children = (
				A70776E51EC9E4B40028A72B /* View */,
				A70776E41EC9E4AD0028A72B /* Model */,
			);
			name = Playlist;
			sourceTree = "<group>";
		};
		A7BB42FE1EA85E6A00A205CA /* Playlist */ = {
			isa = PBXGroup;
			children = (
				A74441671EB11FDD00FEB3F2 /* Playlists */,
				A7B349DD1EB12A8800B4F9FE /* Playlist */,
			);
			name = Playlist;
			sourceTree = "<group>";
		};
		A7C995921E9EA6CF004826EE = {
			isa = PBXGroup;
			children = (
				A7C9959D1E9EA6CF004826EE /* Musicly */,
				A73268C81E9ECAC500B48CD9 /* Resources */,
				A7C995B21E9EA6D0004826EE /* MusiclyTests */,
				A7C995BD1E9EA6D0004826EE /* MusiclyUITests */,
				A7C9959C1E9EA6CF004826EE /* Products */,
				64A562E85D31FB962AF4BEC2 /* Pods */,
				74167B9D912CA57B146DA21B /* Frameworks */,
			);
			sourceTree = "<group>";
		};
		A7C9959C1E9EA6CF004826EE /* Products */ = {
			isa = PBXGroup;
			children = (
				A7C9959B1E9EA6CF004826EE /* Musicly.app */,
				A7C995AF1E9EA6D0004826EE /* MusiclyTests.xctest */,
				A7C995BA1E9EA6D0004826EE /* MusiclyUITests.xctest */,
			);
			name = Products;
			sourceTree = "<group>";
		};
		A7C9959D1E9EA6CF004826EE /* Musicly */ = {
			isa = PBXGroup;
			children = (
				A72AE3641EBA5A8D0022C6B3 /* AppDelegate.swift */,
				A73268CB1E9ECB5100B48CD9 /* ApplicationSevices */,
				A73268C21E9EB5BD00B48CD9 /* Models */,
				A73268C91E9ECAFB00B48CD9 /* UI */,
			);
			path = Musicly;
			sourceTree = "<group>";
		};
		A7C995B21E9EA6D0004826EE /* MusiclyTests */ = {
			isa = PBXGroup;
			children = (
				A7C995B51E9EA6D0004826EE /* Info.plist */,
				A7C995B31E9EA6D0004826EE /* MusiclyTests.swift */,
				A71A14C21EB79B4E00EDCE6D /* MusiclyAPISpec.swift */,
			);
			path = MusiclyTests;
			sourceTree = "<group>";
		};
		A7C995BD1E9EA6D0004826EE /* MusiclyUITests */ = {
			isa = PBXGroup;
			children = (
				A7C995C01E9EA6D0004826EE /* Info.plist */,
				A7C995BE1E9EA6D0004826EE /* MusiclyUITests.swift */,
			);
			path = MusiclyUITests;
			sourceTree = "<group>";
		};
		A7C9D1D61EB6579000CA12CF /* Menu */ = {
			isa = PBXGroup;
			children = (
				A764B57C1EB988A400DB077C /* BottomMenuPopover.swift */,
				A71A14B61EB7879100EDCE6D /* BottomMenu.swift */,
				A71A14B71EB7879100EDCE6D /* MenuOptionView.swift */,
				A71A14B51EB7879100EDCE6D /* BaseMenuPopover.swift */,
				A71A09A81EB81FC200CA35E4 /* MenuActive.swift */,
				A777028C1EBC1F800002E644 /* MenuDelegate.swift */,
			);
			name = Menu;
			sourceTree = "<group>";
		};
		A7CBC3EE1E9FBAEB00C95A50 /* Player */ = {
			isa = PBXGroup;
			children = (
				A71C04011EB2039E00941ECB /* Views */,
				A71C04021EB203A800941ECB /* Delegate */,
				A71C04001EB2039800941ECB /* Model */,
			);
			name = Player;
			sourceTree = "<group>";
		};
		A7CBC3FC1E9FE57700C95A50 /* iTrack */ = {
			isa = PBXGroup;
			children = (
				A7CBC4041E9FE62300C95A50 /* Track.swift */,
				A7ADE8181EAD7CE8004F299E /* TrackList.swift */,
				A7ADE8161EAD7CAC004F299E /* RealmThumb.swift */,
				A72AE3551EBA4F010022C6B3 /* Thumbs.swift */,
			);
			name = iTrack;
			sourceTree = "<group>";
		};
		A7CBC3FD1E9FE58200C95A50 /* Playlist */ = {
			isa = PBXGroup;
			children = (
				A7CBC40A1E9FE63000C95A50 /* Playlist.swift */,
				A7B073721EA974E800DCC576 /* PlaylistItem.swift */,
			);
			name = Playlist;
			sourceTree = "<group>";
		};
		A7F6C67C1EBE42E60028FD19 /* Elements */ = {
			isa = PBXGroup;
			children = (
				A7F6C67D1EBE43390028FD19 /* Textfield+Extension.swift */,
				A71A09AA1EB81FDE00CA35E4 /* Views */,
				A71ADF251EADDFFC0030932E /* Popover */,
			);
			name = Elements;
			sourceTree = "<group>";
		};
/* End PBXGroup section */

/* Begin PBXNativeTarget section */
		A7C9959A1E9EA6CF004826EE /* Musicly */ = {
			isa = PBXNativeTarget;
			buildConfigurationList = A7C995C31E9EA6D0004826EE /* Build configuration list for PBXNativeTarget "Musicly" */;
			buildPhases = (
				3B44B6A873F8CDA6D473F4D6 /* [CP] Check Pods Manifest.lock */,
				A7C995971E9EA6CF004826EE /* Sources */,
				A7C995981E9EA6CF004826EE /* Frameworks */,
				A7C995991E9EA6CF004826EE /* Resources */,
				C71F46F45325AEA78DA3AEED /* [CP] Embed Pods Frameworks */,
				AD6A8A537669CC5AF8233088 /* [CP] Copy Pods Resources */,
			);
			buildRules = (
			);
			dependencies = (
			);
			name = Musicly;
			productName = Musicly;
			productReference = A7C9959B1E9EA6CF004826EE /* Musicly.app */;
			productType = "com.apple.product-type.application";
		};
		A7C995AE1E9EA6D0004826EE /* MusiclyTests */ = {
			isa = PBXNativeTarget;
			buildConfigurationList = A7C995C61E9EA6D0004826EE /* Build configuration list for PBXNativeTarget "MusiclyTests" */;
			buildPhases = (
				F93B7A014593D3BDDDDF285D /* [CP] Check Pods Manifest.lock */,
				A7C995AB1E9EA6D0004826EE /* Sources */,
				A7C995AC1E9EA6D0004826EE /* Frameworks */,
				A7C995AD1E9EA6D0004826EE /* Resources */,
				493B2AE2B5D35483F94EEBC7 /* [CP] Embed Pods Frameworks */,
				314F971A6E48366F6374CB9F /* [CP] Copy Pods Resources */,
			);
			buildRules = (
			);
			dependencies = (
				A7C995B11E9EA6D0004826EE /* PBXTargetDependency */,
			);
			name = MusiclyTests;
			productName = MusiclyTests;
			productReference = A7C995AF1E9EA6D0004826EE /* MusiclyTests.xctest */;
			productType = "com.apple.product-type.bundle.unit-test";
		};
		A7C995B91E9EA6D0004826EE /* MusiclyUITests */ = {
			isa = PBXNativeTarget;
			buildConfigurationList = A7C995C91E9EA6D0004826EE /* Build configuration list for PBXNativeTarget "MusiclyUITests" */;
			buildPhases = (
				32C7DF16F9E5E2F083AD9655 /* [CP] Check Pods Manifest.lock */,
				A7C995B61E9EA6D0004826EE /* Sources */,
				A7C995B71E9EA6D0004826EE /* Frameworks */,
				A7C995B81E9EA6D0004826EE /* Resources */,
				A56716F672EC28B9F3FD7986 /* [CP] Embed Pods Frameworks */,
				80C43828BB626DE12410F155 /* [CP] Copy Pods Resources */,
			);
			buildRules = (
			);
			dependencies = (
				A7C995BC1E9EA6D0004826EE /* PBXTargetDependency */,
			);
			name = MusiclyUITests;
			productName = MusiclyUITests;
			productReference = A7C995BA1E9EA6D0004826EE /* MusiclyUITests.xctest */;
			productType = "com.apple.product-type.bundle.ui-testing";
		};
/* End PBXNativeTarget section */

/* Begin PBXProject section */
		A7C995931E9EA6CF004826EE /* Project object */ = {
			isa = PBXProject;
			attributes = {
				LastSwiftUpdateCheck = 0830;
				LastUpgradeCheck = 0830;
				ORGANIZATIONNAME = "Christopher Webb-Orenstein";
				TargetAttributes = {
					A7C9959A1E9EA6CF004826EE = {
						CreatedOnToolsVersion = 8.3.1;
						DevelopmentTeam = 4SZP4Q326F;
						ProvisioningStyle = Automatic;
					};
					A7C995AE1E9EA6D0004826EE = {
						CreatedOnToolsVersion = 8.3.1;
						DevelopmentTeam = 4SZP4Q326F;
						ProvisioningStyle = Automatic;
						TestTargetID = A7C9959A1E9EA6CF004826EE;
					};
					A7C995B91E9EA6D0004826EE = {
						CreatedOnToolsVersion = 8.3.1;
						DevelopmentTeam = 4SZP4Q326F;
						ProvisioningStyle = Automatic;
						TestTargetID = A7C9959A1E9EA6CF004826EE;
					};
				};
			};
			buildConfigurationList = A7C995961E9EA6CF004826EE /* Build configuration list for PBXProject "Musicly" */;
			compatibilityVersion = "Xcode 3.2";
			developmentRegion = English;
			hasScannedForEncodings = 0;
			knownRegions = (
				en,
				Base,
			);
			mainGroup = A7C995921E9EA6CF004826EE;
			productRefGroup = A7C9959C1E9EA6CF004826EE /* Products */;
			projectDirPath = "";
			projectRoot = "";
			targets = (
				A7C9959A1E9EA6CF004826EE /* Musicly */,
				A7C995AE1E9EA6D0004826EE /* MusiclyTests */,
				A7C995B91E9EA6D0004826EE /* MusiclyUITests */,
			);
		};
/* End PBXProject section */

/* Begin PBXResourcesBuildPhase section */
		A7C995991E9EA6CF004826EE /* Resources */ = {
			isa = PBXResourcesBuildPhase;
			buildActionMask = 2147483647;
			files = (
				A7C995A91E9EA6CF004826EE /* LaunchScreen.storyboard in Resources */,
				A7C995A61E9EA6CF004826EE /* Assets.xcassets in Resources */,
			);
			runOnlyForDeploymentPostprocessing = 0;
		};
		A7C995AD1E9EA6D0004826EE /* Resources */ = {
			isa = PBXResourcesBuildPhase;
			buildActionMask = 2147483647;
			files = (
			);
			runOnlyForDeploymentPostprocessing = 0;
		};
		A7C995B81E9EA6D0004826EE /* Resources */ = {
			isa = PBXResourcesBuildPhase;
			buildActionMask = 2147483647;
			files = (
			);
			runOnlyForDeploymentPostprocessing = 0;
		};
/* End PBXResourcesBuildPhase section */

/* Begin PBXShellScriptBuildPhase section */
		314F971A6E48366F6374CB9F /* [CP] Copy Pods Resources */ = {
			isa = PBXShellScriptBuildPhase;
			buildActionMask = 2147483647;
			files = (
			);
			inputPaths = (
			);
			name = "[CP] Copy Pods Resources";
			outputPaths = (
			);
			runOnlyForDeploymentPostprocessing = 0;
			shellPath = /bin/sh;
			shellScript = "\"${SRCROOT}/Pods/Target Support Files/Pods-MusiclyTests/Pods-MusiclyTests-resources.sh\"\n";
			showEnvVarsInLog = 0;
		};
		32C7DF16F9E5E2F083AD9655 /* [CP] Check Pods Manifest.lock */ = {
			isa = PBXShellScriptBuildPhase;
			buildActionMask = 2147483647;
			files = (
			);
			inputPaths = (
			);
			name = "[CP] Check Pods Manifest.lock";
			outputPaths = (
			);
			runOnlyForDeploymentPostprocessing = 0;
			shellPath = /bin/sh;
			shellScript = "diff \"${PODS_PODFILE_DIR_PATH}/Podfile.lock\" \"${PODS_ROOT}/Manifest.lock\" > /dev/null\nif [ $? != 0 ] ; then\n    # print error to STDERR\n    echo \"error: The sandbox is not in sync with the Podfile.lock. Run 'pod install' or update your CocoaPods installation.\" >&2\n    exit 1\nfi\n";
			showEnvVarsInLog = 0;
		};
		3B44B6A873F8CDA6D473F4D6 /* [CP] Check Pods Manifest.lock */ = {
			isa = PBXShellScriptBuildPhase;
			buildActionMask = 2147483647;
			files = (
			);
			inputPaths = (
			);
			name = "[CP] Check Pods Manifest.lock";
			outputPaths = (
			);
			runOnlyForDeploymentPostprocessing = 0;
			shellPath = /bin/sh;
			shellScript = "diff \"${PODS_PODFILE_DIR_PATH}/Podfile.lock\" \"${PODS_ROOT}/Manifest.lock\" > /dev/null\nif [ $? != 0 ] ; then\n    # print error to STDERR\n    echo \"error: The sandbox is not in sync with the Podfile.lock. Run 'pod install' or update your CocoaPods installation.\" >&2\n    exit 1\nfi\n";
			showEnvVarsInLog = 0;
		};
		493B2AE2B5D35483F94EEBC7 /* [CP] Embed Pods Frameworks */ = {
			isa = PBXShellScriptBuildPhase;
			buildActionMask = 2147483647;
			files = (
			);
			inputPaths = (
			);
			name = "[CP] Embed Pods Frameworks";
			outputPaths = (
			);
			runOnlyForDeploymentPostprocessing = 0;
			shellPath = /bin/sh;
			shellScript = "\"${SRCROOT}/Pods/Target Support Files/Pods-MusiclyTests/Pods-MusiclyTests-frameworks.sh\"\n";
			showEnvVarsInLog = 0;
		};
		80C43828BB626DE12410F155 /* [CP] Copy Pods Resources */ = {
			isa = PBXShellScriptBuildPhase;
			buildActionMask = 2147483647;
			files = (
			);
			inputPaths = (
			);
			name = "[CP] Copy Pods Resources";
			outputPaths = (
			);
			runOnlyForDeploymentPostprocessing = 0;
			shellPath = /bin/sh;
			shellScript = "\"${SRCROOT}/Pods/Target Support Files/Pods-MusiclyUITests/Pods-MusiclyUITests-resources.sh\"\n";
			showEnvVarsInLog = 0;
		};
		A56716F672EC28B9F3FD7986 /* [CP] Embed Pods Frameworks */ = {
			isa = PBXShellScriptBuildPhase;
			buildActionMask = 2147483647;
			files = (
			);
			inputPaths = (
			);
			name = "[CP] Embed Pods Frameworks";
			outputPaths = (
			);
			runOnlyForDeploymentPostprocessing = 0;
			shellPath = /bin/sh;
			shellScript = "\"${SRCROOT}/Pods/Target Support Files/Pods-MusiclyUITests/Pods-MusiclyUITests-frameworks.sh\"\n";
			showEnvVarsInLog = 0;
		};
		AD6A8A537669CC5AF8233088 /* [CP] Copy Pods Resources */ = {
			isa = PBXShellScriptBuildPhase;
			buildActionMask = 2147483647;
			files = (
			);
			inputPaths = (
			);
			name = "[CP] Copy Pods Resources";
			outputPaths = (
			);
			runOnlyForDeploymentPostprocessing = 0;
			shellPath = /bin/sh;
			shellScript = "\"${SRCROOT}/Pods/Target Support Files/Pods-Musicly/Pods-Musicly-resources.sh\"\n";
			showEnvVarsInLog = 0;
		};
		C71F46F45325AEA78DA3AEED /* [CP] Embed Pods Frameworks */ = {
			isa = PBXShellScriptBuildPhase;
			buildActionMask = 2147483647;
			files = (
			);
			inputPaths = (
			);
			name = "[CP] Embed Pods Frameworks";
			outputPaths = (
			);
			runOnlyForDeploymentPostprocessing = 0;
			shellPath = /bin/sh;
			shellScript = "\"${SRCROOT}/Pods/Target Support Files/Pods-Musicly/Pods-Musicly-frameworks.sh\"\n";
			showEnvVarsInLog = 0;
		};
		F93B7A014593D3BDDDDF285D /* [CP] Check Pods Manifest.lock */ = {
			isa = PBXShellScriptBuildPhase;
			buildActionMask = 2147483647;
			files = (
			);
			inputPaths = (
			);
			name = "[CP] Check Pods Manifest.lock";
			outputPaths = (
			);
			runOnlyForDeploymentPostprocessing = 0;
			shellPath = /bin/sh;
			shellScript = "diff \"${PODS_PODFILE_DIR_PATH}/Podfile.lock\" \"${PODS_ROOT}/Manifest.lock\" > /dev/null\nif [ $? != 0 ] ; then\n    # print error to STDERR\n    echo \"error: The sandbox is not in sync with the Podfile.lock. Run 'pod install' or update your CocoaPods installation.\" >&2\n    exit 1\nfi\n";
			showEnvVarsInLog = 0;
		};
/* End PBXShellScriptBuildPhase section */

/* Begin PBXSourcesBuildPhase section */
		A7C995971E9EA6CF004826EE /* Sources */ = {
			isa = PBXSourcesBuildPhase;
			buildActionMask = 2147483647;
			files = (
				A71F02921EB986A40012490D /* BasePopoverAlert.swift in Sources */,
				A71C04041EB24ECA00941ECB /* RealmClient.swift in Sources */,
				A777028B1EBC05D90002E644 /* TrackContentState.swift in Sources */,
				A71A09A51EB8150600CA35E4 /* URLRouter.swift in Sources */,
				A73F629E1EC9A65900930741 /* EmptyViewProtocol.swift in Sources */,
				A73268CD1E9EFE8500B48CD9 /* CALayer+Extension.swift in Sources */,
				A71C03EE1EB1F75B00941ECB /* TracksViewController.swift in Sources */,
				A7CBC3FA1E9FD21100C95A50 /* UIViewController+Extension.swift in Sources */,
				A71A14C11EB78E4400EDCE6D /* NSError+Extension.swift in Sources */,
				A72AE35D1EBA55840022C6B3 /* BallAnimationView.swift in Sources */,
				A777029D1EBC29920002E644 /* FileState.swift in Sources */,
				A71C03ED1EB1F75B00941ECB /* TrackCell.swift in Sources */,
				A71F02A61EB986BB0012490D /* BaseAlertPopoverConstant.swift in Sources */,
				A73F629A1EC9A64300930741 /* ListControllerDataSource.swift in Sources */,
				A77702AA1EBC2A980002E644 /* PlaylistTracksViewController.swift in Sources */,
				A71F02AA1EB986BB0012490D /* CollectionViewConstants.swift in Sources */,
				A72E9C621EBE6A13002C0774 /* ViewState.swift in Sources */,
				A777029E1EBC29920002E644 /* PlayerViewModel.swift in Sources */,
				A71F02B51EB986BB0012490D /* TrackCellConstants.swift in Sources */,
				A73F629F1EC9A65900930741 /* OpenPlayerProtocol.swift in Sources */,
				A7C995EC1E9EA6F6004826EE /* StyleAttributes.swift in Sources */,
				A71F02A51EB986BB0012490D /* ApplicationConstants.swift in Sources */,
				A7168BFE1EB94DE800B64F09 /* PlayerDelegate.swift in Sources */,
				A71ADF3E1EADE09E0030932E /* SplashViewController.swift in Sources */,
				A71F02B21EB986BB0012490D /* PlaylistViewControllerConstants.swift in Sources */,
				A7CBC4071E9FE62300C95A50 /* Track.swift in Sources */,
				A7F8353D1EBCE9F0008CA4E3 /* PlaylistTracksViewControllerModel.swift in Sources */,
				A7ECBCD21EB46A070098CE0E /* DetailPopover.swift in Sources */,
				A71A09A91EB81FC200CA35E4 /* MenuActive.swift in Sources */,
				A7CA202C1EAC67BE00EF69A1 /* String+Extension.swift in Sources */,
				A7B073731EA974E900DCC576 /* PlaylistItem.swift in Sources */,
				A72AE3541EBA4DA20022C6B3 /* Notification+Extension.swift in Sources */,
				A7B35F591EB3AEC2008A12C8 /* TrackItemsLayout.swift in Sources */,
				A71F02AC1EB986BB0012490D /* DetailViewConstants.swift in Sources */,
				A71F02B41EB986BB0012490D /* TabBarConstants.swift in Sources */,
				A71F02B11EB986BB0012490D /* PlaylistConstants.swift in Sources */,
				A7C995F21E9EA6F6004826EE /* UIImageView+Extension.swift in Sources */,
				A71F02B31EB986BB0012490D /* SplashConstants.swift in Sources */,
				A75F3BFE1EBE573A0008F01D /* DownloadViewController.swift in Sources */,
				A72AE3581EBA51130022C6B3 /* LoadingPopover.swift in Sources */,
				A71F02B01EB986BB0012490D /* PlayerViewConstants.swift in Sources */,
				A71F02AD1EB986BB0012490D /* EdgeAttributeConstants.swift in Sources */,
				A777028D1EBC1F800002E644 /* MenuDelegate.swift in Sources */,
				A7F6C67B1EBE2B520028FD19 /* UICollectionViewCell+Extension.swift in Sources */,
				A7CBC3F01E9FC9E100C95A50 /* UILabel+Extension.swift in Sources */,
				A71F02AE1EB986BB0012490D /* EqualizerConstants.swift in Sources */,
				A7ADE8191EAD7CE8004F299E /* TrackList.swift in Sources */,
				A72AE35C1EBA55840022C6B3 /* BallAnimation.swift in Sources */,
				A777028F1EBC20300002E644 /* PlaylistCreatorDelegate.swift in Sources */,
				A7C995D71E9EA6DF004826EE /* TrackDataStore.swift in Sources */,
				A71A14B81EB7879100EDCE6D /* BaseMenuPopover.swift in Sources */,
				A72AE3561EBA4F010022C6B3 /* Thumbs.swift in Sources */,
				A71A14BA1EB7879100EDCE6D /* MenuOptionView.swift in Sources */,
				A7CBC40B1E9FE63000C95A50 /* Playlist.swift in Sources */,
				A77702971EBC29750002E644 /* PlayerView.swift in Sources */,
				A71F027A1EB9820B0012490D /* UIColor+Extension.swift in Sources */,
				A71F02AF1EB986BB0012490D /* LogoConstants.swift in Sources */,
				A71A09AD1EB8200C00CA35E4 /* EmptyView.swift in Sources */,
				A71F02931EB986A40012490D /* BasePopView.swift in Sources */,
				A72AE3601EBA55980022C6B3 /* AudioEqualizer.swift in Sources */,
				A72AE3611EBA55980022C6B3 /* IndicatorView.swift in Sources */,
				A71A09AE1EB8200C00CA35E4 /* LoadingView.swift in Sources */,
				A71F02AB1EB986BB0012490D /* DetailPopoverConstants.swift in Sources */,
				A71F02A71EB986BB0012490D /* BaseMenuPopoverAlert.swift in Sources */,
				A72AE3521EBA4D710022C6B3 /* DownloadStatus.swift in Sources */,
				A71A14BC1EB7885F00EDCE6D /* Download.swift in Sources */,
				A71ADF241EADDFE50030932E /* TabBarController.swift in Sources */,
				A7ECBCD31EB46A070098CE0E /* DetailView.swift in Sources */,
				A7ADE8171EAD7CAC004F299E /* RealmThumb.swift in Sources */,
				A71A14B91EB7879100EDCE6D /* BottomMenu.swift in Sources */,
				A71EF3271EBABE9200713669 /* AnimationDelegate.swift in Sources */,
				A71F02A81EB986BB0012490D /* ButtonConstants.swift in Sources */,
				A71A09A71EB8162800CA35E4 /* LocalStorageManager.swift in Sources */,
				A71A09A31EB814A800CA35E4 /* URLConstructor.swift in Sources */,
				A72AE3501EBA4D5D0022C6B3 /* DownloadDelegate.swift in Sources */,
				A77702A81EBC2A890002E644 /* PlaylistItemLayout.swift in Sources */,
				A77702A41EBC2A620002E644 /* PlaylistCell.swift in Sources */,
				A7F6C67E1EBE43390028FD19 /* Textfield+Extension.swift in Sources */,
				A764B57D1EB988A400DB077C /* BottomMenuPopover.swift in Sources */,
				A71C03E91EB1F74D00941ECB /* TrackCellViewModel.swift in Sources */,
				A72AE3651EBA5A8D0022C6B3 /* AppDelegate.swift in Sources */,
				A77702A61EBC2A620002E644 /* PlaylistsViewController.swift in Sources */,
				A73F62A01EC9A65900930741 /* TrackCellCreator.swift in Sources */,
				A71F02A91EB986BB0012490D /* CALayerConstants.swift in Sources */,
				A7E94CA91EBCF6E500E75461 /* PlaylistsViewControllerDataSource.swift in Sources */,
				A7B349E11EB13D4000B4F9FE /* Player.swift in Sources */,
				A777029A1EBC29830002E644 /* PlayerViewDelegate.swift in Sources */,
				A7C995F51E9EA707004826EE /* APIClient.swift in Sources */,
				A72E9C601EBE6423002C0774 /* UISearchBar+Extension.swift in Sources */,
				A73F62A21EC9A68D00930741 /* TrackCellCollectionProtocol.swift in Sources */,
				A71ADF3D1EADE09E0030932E /* SplashView.swift in Sources */,
				A77702981EBC29750002E644 /* PlayerViewController.swift in Sources */,
			);
			runOnlyForDeploymentPostprocessing = 0;
		};
		A7C995AB1E9EA6D0004826EE /* Sources */ = {
			isa = PBXSourcesBuildPhase;
			buildActionMask = 2147483647;
			files = (
				A71A14C31EB79B4E00EDCE6D /* MusiclyAPISpec.swift in Sources */,
				A7C995B41E9EA6D0004826EE /* MusiclyTests.swift in Sources */,
			);
			runOnlyForDeploymentPostprocessing = 0;
		};
		A7C995B61E9EA6D0004826EE /* Sources */ = {
			isa = PBXSourcesBuildPhase;
			buildActionMask = 2147483647;
			files = (
				A7C995BF1E9EA6D0004826EE /* MusiclyUITests.swift in Sources */,
			);
			runOnlyForDeploymentPostprocessing = 0;
		};
/* End PBXSourcesBuildPhase section */

/* Begin PBXTargetDependency section */
		A7C995B11E9EA6D0004826EE /* PBXTargetDependency */ = {
			isa = PBXTargetDependency;
			target = A7C9959A1E9EA6CF004826EE /* Musicly */;
			targetProxy = A7C995B01E9EA6D0004826EE /* PBXContainerItemProxy */;
		};
		A7C995BC1E9EA6D0004826EE /* PBXTargetDependency */ = {
			isa = PBXTargetDependency;
			target = A7C9959A1E9EA6CF004826EE /* Musicly */;
			targetProxy = A7C995BB1E9EA6D0004826EE /* PBXContainerItemProxy */;
		};
/* End PBXTargetDependency section */

/* Begin PBXVariantGroup section */
		A7C995A71E9EA6CF004826EE /* LaunchScreen.storyboard */ = {
			isa = PBXVariantGroup;
			children = (
				A7C995A81E9EA6CF004826EE /* Base */,
			);
			name = LaunchScreen.storyboard;
			path = .;
			sourceTree = "<group>";
		};
/* End PBXVariantGroup section */

/* Begin XCBuildConfiguration section */
		A7C995C11E9EA6D0004826EE /* Debug */ = {
			isa = XCBuildConfiguration;
			buildSettings = {
				ALWAYS_SEARCH_USER_PATHS = NO;
				CLANG_ANALYZER_NONNULL = YES;
				CLANG_ANALYZER_NUMBER_OBJECT_CONVERSION = YES_AGGRESSIVE;
				CLANG_CXX_LANGUAGE_STANDARD = "gnu++0x";
				CLANG_CXX_LIBRARY = "libc++";
				CLANG_ENABLE_MODULES = YES;
				CLANG_ENABLE_OBJC_ARC = YES;
				CLANG_WARN_BOOL_CONVERSION = YES;
				CLANG_WARN_CONSTANT_CONVERSION = YES;
				CLANG_WARN_DIRECT_OBJC_ISA_USAGE = YES_ERROR;
				CLANG_WARN_DOCUMENTATION_COMMENTS = YES;
				CLANG_WARN_EMPTY_BODY = YES;
				CLANG_WARN_ENUM_CONVERSION = YES;
				CLANG_WARN_INFINITE_RECURSION = YES;
				CLANG_WARN_INT_CONVERSION = YES;
				CLANG_WARN_OBJC_ROOT_CLASS = YES_ERROR;
				CLANG_WARN_SUSPICIOUS_MOVE = YES;
				CLANG_WARN_UNREACHABLE_CODE = YES;
				CLANG_WARN__DUPLICATE_METHOD_MATCH = YES;
				"CODE_SIGN_IDENTITY[sdk=iphoneos*]" = "iPhone Developer";
				COPY_PHASE_STRIP = NO;
				DEBUG_INFORMATION_FORMAT = dwarf;
				ENABLE_STRICT_OBJC_MSGSEND = YES;
				ENABLE_TESTABILITY = YES;
				GCC_C_LANGUAGE_STANDARD = gnu99;
				GCC_DYNAMIC_NO_PIC = NO;
				GCC_NO_COMMON_BLOCKS = YES;
				GCC_OPTIMIZATION_LEVEL = 0;
				GCC_PREPROCESSOR_DEFINITIONS = (
					"DEBUG=1",
					"$(inherited)",
				);
				GCC_WARN_64_TO_32_BIT_CONVERSION = YES;
				GCC_WARN_ABOUT_RETURN_TYPE = YES_ERROR;
				GCC_WARN_UNDECLARED_SELECTOR = YES;
				GCC_WARN_UNINITIALIZED_AUTOS = YES_AGGRESSIVE;
				GCC_WARN_UNUSED_FUNCTION = YES;
				GCC_WARN_UNUSED_VARIABLE = YES;
				IPHONEOS_DEPLOYMENT_TARGET = 10.0;
				MTL_ENABLE_DEBUG_INFO = YES;
				ONLY_ACTIVE_ARCH = YES;
				SDKROOT = iphoneos;
				SWIFT_ACTIVE_COMPILATION_CONDITIONS = DEBUG;
				SWIFT_OPTIMIZATION_LEVEL = "-Onone";
			};
			name = Debug;
		};
		A7C995C21E9EA6D0004826EE /* Release */ = {
			isa = XCBuildConfiguration;
			buildSettings = {
				ALWAYS_SEARCH_USER_PATHS = NO;
				CLANG_ANALYZER_NONNULL = YES;
				CLANG_ANALYZER_NUMBER_OBJECT_CONVERSION = YES_AGGRESSIVE;
				CLANG_CXX_LANGUAGE_STANDARD = "gnu++0x";
				CLANG_CXX_LIBRARY = "libc++";
				CLANG_ENABLE_MODULES = YES;
				CLANG_ENABLE_OBJC_ARC = YES;
				CLANG_WARN_BOOL_CONVERSION = YES;
				CLANG_WARN_CONSTANT_CONVERSION = YES;
				CLANG_WARN_DIRECT_OBJC_ISA_USAGE = YES_ERROR;
				CLANG_WARN_DOCUMENTATION_COMMENTS = YES;
				CLANG_WARN_EMPTY_BODY = YES;
				CLANG_WARN_ENUM_CONVERSION = YES;
				CLANG_WARN_INFINITE_RECURSION = YES;
				CLANG_WARN_INT_CONVERSION = YES;
				CLANG_WARN_OBJC_ROOT_CLASS = YES_ERROR;
				CLANG_WARN_SUSPICIOUS_MOVE = YES;
				CLANG_WARN_UNREACHABLE_CODE = YES;
				CLANG_WARN__DUPLICATE_METHOD_MATCH = YES;
				"CODE_SIGN_IDENTITY[sdk=iphoneos*]" = "iPhone Developer";
				COPY_PHASE_STRIP = NO;
				DEBUG_INFORMATION_FORMAT = "dwarf-with-dsym";
				ENABLE_NS_ASSERTIONS = NO;
				ENABLE_STRICT_OBJC_MSGSEND = YES;
				GCC_C_LANGUAGE_STANDARD = gnu99;
				GCC_NO_COMMON_BLOCKS = YES;
				GCC_WARN_64_TO_32_BIT_CONVERSION = YES;
				GCC_WARN_ABOUT_RETURN_TYPE = YES_ERROR;
				GCC_WARN_UNDECLARED_SELECTOR = YES;
				GCC_WARN_UNINITIALIZED_AUTOS = YES_AGGRESSIVE;
				GCC_WARN_UNUSED_FUNCTION = YES;
				GCC_WARN_UNUSED_VARIABLE = YES;
				IPHONEOS_DEPLOYMENT_TARGET = 10.0;
				MTL_ENABLE_DEBUG_INFO = NO;
				SDKROOT = iphoneos;
				SWIFT_OPTIMIZATION_LEVEL = "-Owholemodule";
				VALIDATE_PRODUCT = YES;
			};
			name = Release;
		};
		A7C995C41E9EA6D0004826EE /* Debug */ = {
			isa = XCBuildConfiguration;
			baseConfigurationReference = C0CC79972E792E6914215932 /* Pods-Musicly.debug.xcconfig */;
			buildSettings = {
				ASSETCATALOG_COMPILER_APPICON_NAME = AppIcon;
				DEVELOPMENT_TEAM = 4SZP4Q326F;
				INFOPLIST_FILE = Musicly/Resources/Info.plist;
				IPHONEOS_DEPLOYMENT_TARGET = 10;
				LD_RUNPATH_SEARCH_PATHS = "$(inherited) @executable_path/Frameworks";
				PRODUCT_BUNDLE_IDENTIFIER = com.froleeyo.Musicly;
				PRODUCT_NAME = "$(TARGET_NAME)";
				SWIFT_VERSION = 3.0;
			};
			name = Debug;
		};
		A7C995C51E9EA6D0004826EE /* Release */ = {
			isa = XCBuildConfiguration;
			baseConfigurationReference = E92547FA7DBC94FE93D63E98 /* Pods-Musicly.release.xcconfig */;
			buildSettings = {
				ASSETCATALOG_COMPILER_APPICON_NAME = AppIcon;
				DEVELOPMENT_TEAM = 4SZP4Q326F;
				INFOPLIST_FILE = Musicly/Resources/Info.plist;
				IPHONEOS_DEPLOYMENT_TARGET = 10;
				LD_RUNPATH_SEARCH_PATHS = "$(inherited) @executable_path/Frameworks";
				PRODUCT_BUNDLE_IDENTIFIER = com.froleeyo.Musicly;
				PRODUCT_NAME = "$(TARGET_NAME)";
				SWIFT_VERSION = 3.0;
			};
			name = Release;
		};
		A7C995C71E9EA6D0004826EE /* Debug */ = {
			isa = XCBuildConfiguration;
			baseConfigurationReference = 8B3AD81D44C52BC0894B50B5 /* Pods-MusiclyTests.debug.xcconfig */;
			buildSettings = {
				ALWAYS_EMBED_SWIFT_STANDARD_LIBRARIES = YES;
				BUNDLE_LOADER = "$(TEST_HOST)";
				DEVELOPMENT_TEAM = 4SZP4Q326F;
				INFOPLIST_FILE = MusiclyTests/Info.plist;
				LD_RUNPATH_SEARCH_PATHS = "$(inherited) @executable_path/Frameworks @loader_path/Frameworks";
				PRODUCT_BUNDLE_IDENTIFIER = com.froleeyo.MusiclyTests;
				PRODUCT_NAME = "$(TARGET_NAME)";
				SWIFT_VERSION = 3.0;
				TEST_HOST = "$(BUILT_PRODUCTS_DIR)/Musicly.app/Musicly";
			};
			name = Debug;
		};
		A7C995C81E9EA6D0004826EE /* Release */ = {
			isa = XCBuildConfiguration;
			baseConfigurationReference = C38E2BC5607BB57CAC66B696 /* Pods-MusiclyTests.release.xcconfig */;
			buildSettings = {
				ALWAYS_EMBED_SWIFT_STANDARD_LIBRARIES = YES;
				BUNDLE_LOADER = "$(TEST_HOST)";
				DEVELOPMENT_TEAM = 4SZP4Q326F;
				INFOPLIST_FILE = MusiclyTests/Info.plist;
				LD_RUNPATH_SEARCH_PATHS = "$(inherited) @executable_path/Frameworks @loader_path/Frameworks";
				PRODUCT_BUNDLE_IDENTIFIER = com.froleeyo.MusiclyTests;
				PRODUCT_NAME = "$(TARGET_NAME)";
				SWIFT_VERSION = 3.0;
				TEST_HOST = "$(BUILT_PRODUCTS_DIR)/Musicly.app/Musicly";
			};
			name = Release;
		};
		A7C995CA1E9EA6D0004826EE /* Debug */ = {
			isa = XCBuildConfiguration;
			baseConfigurationReference = 95F4BC9A08A15ADBB27D2546 /* Pods-MusiclyUITests.debug.xcconfig */;
			buildSettings = {
				ALWAYS_EMBED_SWIFT_STANDARD_LIBRARIES = YES;
				DEVELOPMENT_TEAM = 4SZP4Q326F;
				INFOPLIST_FILE = MusiclyUITests/Info.plist;
				LD_RUNPATH_SEARCH_PATHS = "$(inherited) @executable_path/Frameworks @loader_path/Frameworks";
				PRODUCT_BUNDLE_IDENTIFIER = com.froleeyo.MusiclyUITests;
				PRODUCT_NAME = "$(TARGET_NAME)";
				SWIFT_VERSION = 3.0;
				TEST_TARGET_NAME = Musicly;
			};
			name = Debug;
		};
		A7C995CB1E9EA6D0004826EE /* Release */ = {
			isa = XCBuildConfiguration;
			baseConfigurationReference = A5F52DE761385242BF409E94 /* Pods-MusiclyUITests.release.xcconfig */;
			buildSettings = {
				ALWAYS_EMBED_SWIFT_STANDARD_LIBRARIES = YES;
				DEVELOPMENT_TEAM = 4SZP4Q326F;
				INFOPLIST_FILE = MusiclyUITests/Info.plist;
				LD_RUNPATH_SEARCH_PATHS = "$(inherited) @executable_path/Frameworks @loader_path/Frameworks";
				PRODUCT_BUNDLE_IDENTIFIER = com.froleeyo.MusiclyUITests;
				PRODUCT_NAME = "$(TARGET_NAME)";
				SWIFT_VERSION = 3.0;
				TEST_TARGET_NAME = Musicly;
			};
			name = Release;
		};
/* End XCBuildConfiguration section */

/* Begin XCConfigurationList section */
		A7C995961E9EA6CF004826EE /* Build configuration list for PBXProject "Musicly" */ = {
			isa = XCConfigurationList;
			buildConfigurations = (
				A7C995C11E9EA6D0004826EE /* Debug */,
				A7C995C21E9EA6D0004826EE /* Release */,
			);
			defaultConfigurationIsVisible = 0;
			defaultConfigurationName = Release;
		};
		A7C995C31E9EA6D0004826EE /* Build configuration list for PBXNativeTarget "Musicly" */ = {
			isa = XCConfigurationList;
			buildConfigurations = (
				A7C995C41E9EA6D0004826EE /* Debug */,
				A7C995C51E9EA6D0004826EE /* Release */,
			);
			defaultConfigurationIsVisible = 0;
			defaultConfigurationName = Release;
		};
		A7C995C61E9EA6D0004826EE /* Build configuration list for PBXNativeTarget "MusiclyTests" */ = {
			isa = XCConfigurationList;
			buildConfigurations = (
				A7C995C71E9EA6D0004826EE /* Debug */,
				A7C995C81E9EA6D0004826EE /* Release */,
			);
			defaultConfigurationIsVisible = 0;
			defaultConfigurationName = Release;
		};
		A7C995C91E9EA6D0004826EE /* Build configuration list for PBXNativeTarget "MusiclyUITests" */ = {
			isa = XCConfigurationList;
			buildConfigurations = (
				A7C995CA1E9EA6D0004826EE /* Debug */,
				A7C995CB1E9EA6D0004826EE /* Release */,
			);
			defaultConfigurationIsVisible = 0;
			defaultConfigurationName = Release;
		};
/* End XCConfigurationList section */
	};
	rootObject = A7C995931E9EA6CF004826EE /* Project object */;
}
